PODS:
  - Cache (6.0.0)
  - DateToolsSwift (5.0.0)
  - Imaginary (5.0.0):
    - Cache (~> 6.0.0)
  - Lightbox (2.5.0):
    - Imaginary (~> 5.0.0)
  - Nuke (9.5.0)
  - Pageboy (3.7.0)

DEPENDENCIES:
  - DateToolsSwift (~> 5.0.0)
  - Lightbox (~> 2.5)
  - Nuke (~> 9.0)
  - Pageboy (~> 3.6)

SPEC REPOS:
  trunk:
    - Cache
    - DateToolsSwift
    - Imaginary
    - Lightbox
    - Nuke
    - Pageboy

SPEC CHECKSUMS:
  Cache: 4ca7e00363fca5455f26534e5607634c820ffc2d
  DateToolsSwift: 4207ada6ad615d8dc076323d27037c94916dbfa6
  Imaginary: cf5e3a7dd6ab1dcbd47ba8ce5edf2307c4e99eb3
  Lightbox: cc3d5124f024fa8197fd23f913160db1c61a1852
  Nuke: 6f400a4ea957e09149ec335a3c6acdcc814d89e4
  Pageboy: fe646118f7168960058bea7a96038386aa7c0da8

PODFILE CHECKSUM: 4f5cb4b00a01ef75728e7f571fc9897ddbe4f306

COCOAPODS: 1.11.3
