// !$*UTF8*$!
{
	archiveVersion = 1;
	classes = {
	};
	objectVersion = 52;
	objects = {

/* Begin PBXBuildFile section */
		4ECCEEAA250B8B6B0075F921 /* AppDelegate.swift in Sources */ = {isa = PBXBuildFile; fileRef = 4ECCEEA9250B8B6B0075F921 /* AppDelegate.swift */; };
		4ECCEEAC250B8B6B0075F921 /* SceneDelegate.swift in Sources */ = {isa = PBXBuildFile; fileRef = 4ECCEEAB250B8B6B0075F921 /* SceneDelegate.swift */; };
		4ECCEEAE250B8B6B0075F921 /* LoginViewController.swift in Sources */ = {isa = PBXBuildFile; fileRef = 4ECCEEAD250B8B6B0075F921 /* LoginViewController.swift */; };
		4ECCEEB4250B8B6B0075F921 /* Lemmy_iOS.xcdatamodeld in Sources */ = {isa = PBXBuildFile; fileRef = 4ECCEEB2250B8B6B0075F921 /* Lemmy_iOS.xcdatamodeld */; };
		4ECCEEB6250B8B6E0075F921 /* Assets.xcassets in Resources */ = {isa = PBXBuildFile; fileRef = 4ECCEEB5250B8B6E0075F921 /* Assets.xcassets */; };
		4ECCEEB9250B8B6E0075F921 /* LaunchScreen.storyboard in Resources */ = {isa = PBXBuildFile; fileRef = 4ECCEEB7250B8B6E0075F921 /* LaunchScreen.storyboard */; };
		4ECCEEC4250B8B6F0075F921 /* Lemmy_iOSTests.swift in Sources */ = {isa = PBXBuildFile; fileRef = 4ECCEEC3250B8B6F0075F921 /* Lemmy_iOSTests.swift */; };
		4ECCEECF250B8B6F0075F921 /* Lemmy_iOSUITests.swift in Sources */ = {isa = PBXBuildFile; fileRef = 4ECCEECE250B8B6F0075F921 /* Lemmy_iOSUITests.swift */; };
		4ECCEEDD250B8D930075F921 /* AppCoordinator.swift in Sources */ = {isa = PBXBuildFile; fileRef = 4ECCEEDC250B8D930075F921 /* AppCoordinator.swift */; };
		4ECCEEE0250B8DEE0075F921 /* Coordinator.swift in Sources */ = {isa = PBXBuildFile; fileRef = 4ECCEEDF250B8DEE0075F921 /* Coordinator.swift */; };
		4ECCEEE7250B8FA80075F921 /* LoginCoordinator.swift in Sources */ = {isa = PBXBuildFile; fileRef = 4ECCEEE6250B8FA80075F921 /* LoginCoordinator.swift */; };
		4ECCEEEA250BA6230075F921 /* WSLemmy.swift in Sources */ = {isa = PBXBuildFile; fileRef = 4ECCEEE9250BA6230075F921 /* WSLemmy.swift */; };
		4ECCEEED250BE8870075F921 /* FrontPageViewController.swift in Sources */ = {isa = PBXBuildFile; fileRef = 4ECCEEEC250BE8870075F921 /* FrontPageViewController.swift */; };
		4ECCEEEF250BE89B0075F921 /* FrontPageCoordinator.swift in Sources */ = {isa = PBXBuildFile; fileRef = 4ECCEEEE250BE89B0075F921 /* FrontPageCoordinator.swift */; };
		4ECCEEF2250C03A40075F921 /* LemmyTabBarCoordinator.swift in Sources */ = {isa = PBXBuildFile; fileRef = 4ECCEEF1250C03A40075F921 /* LemmyTabBarCoordinator.swift */; };
		4ECCEEF4250C04280075F921 /* LemmyTabBarController.swift in Sources */ = {isa = PBXBuildFile; fileRef = 4ECCEEF3250C04280075F921 /* LemmyTabBarController.swift */; };
		4ECCEEFB250C13240075F921 /* SnapKit in Frameworks */ = {isa = PBXBuildFile; productRef = 4ECCEEFA250C13240075F921 /* SnapKit */; };
		4ECCEEFE250CA30E0075F921 /* FrontPageHeaderCell.swift in Sources */ = {isa = PBXBuildFile; fileRef = 4ECCEEFD250CA30E0075F921 /* FrontPageHeaderCell.swift */; };
		4ECCEF00250CB4260075F921 /* FrontPageModel.swift in Sources */ = {isa = PBXBuildFile; fileRef = 4ECCEEFF250CB4260075F921 /* FrontPageModel.swift */; };
		4ECCEF03250CB4E00075F921 /* LemmyApiStructs.swift in Sources */ = {isa = PBXBuildFile; fileRef = 4ECCEF02250CB4E00075F921 /* LemmyApiStructs.swift */; };
		4ECCEF06250CC3330075F921 /* ApiManager.swift in Sources */ = {isa = PBXBuildFile; fileRef = 4ECCEF05250CC3330075F921 /* ApiManager.swift */; };
		4ECCEF09250CC3A60075F921 /* RequestsManager.swift in Sources */ = {isa = PBXBuildFile; fileRef = 4ECCEF08250CC3A60075F921 /* RequestsManager.swift */; };
		4ECCEF0C250CCD3E0075F921 /* PostRequests.swift in Sources */ = {isa = PBXBuildFile; fileRef = 4ECCEF0B250CCD3E0075F921 /* PostRequests.swift */; };
		4ECCEF0E250CDA5A0075F921 /* LemmyApiStructs+Post.swift in Sources */ = {isa = PBXBuildFile; fileRef = 4ECCEF0D250CDA5A0075F921 /* LemmyApiStructs+Post.swift */; };
		4ECCEF13250CF0290075F921 /* PostContentTableCell.swift in Sources */ = {isa = PBXBuildFile; fileRef = 4ECCEF12250CF0290075F921 /* PostContentTableCell.swift */; };
		4ECCEF16250D2D9F0075F921 /* Extensions.swift in Sources */ = {isa = PBXBuildFile; fileRef = 4ECCEF15250D2D9F0075F921 /* Extensions.swift */; };
		4ECCEF1A250D62580075F921 /* LemmyApiStructs+Comment.swift in Sources */ = {isa = PBXBuildFile; fileRef = 4ECCEF19250D62580075F921 /* LemmyApiStructs+Comment.swift */; };
		4ECCEF1D250D63BE0075F921 /* CommentRequests.swift in Sources */ = {isa = PBXBuildFile; fileRef = 4ECCEF1C250D63BE0075F921 /* CommentRequests.swift */; };
		4ECCEF1F250DFBC90075F921 /* CommentContentTableCell.swift in Sources */ = {isa = PBXBuildFile; fileRef = 4ECCEF1E250DFBC90075F921 /* CommentContentTableCell.swift */; };
		921D5D41A20BF0BD95B03486 /* Pods_Lemmy_iOS.framework in Frameworks */ = {isa = PBXBuildFile; fileRef = B936F2A371355A780B2B5D1D /* Pods_Lemmy_iOS.framework */; };
/* End PBXBuildFile section */

/* Begin PBXContainerItemProxy section */
		4ECCEEC0250B8B6F0075F921 /* PBXContainerItemProxy */ = {
			isa = PBXContainerItemProxy;
			containerPortal = 4ECCEE9E250B8B6B0075F921 /* Project object */;
			proxyType = 1;
			remoteGlobalIDString = 4ECCEEA5250B8B6B0075F921;
			remoteInfo = "Lemmy-iOS";
		};
		4ECCEECB250B8B6F0075F921 /* PBXContainerItemProxy */ = {
			isa = PBXContainerItemProxy;
			containerPortal = 4ECCEE9E250B8B6B0075F921 /* Project object */;
			proxyType = 1;
			remoteGlobalIDString = 4ECCEEA5250B8B6B0075F921;
			remoteInfo = "Lemmy-iOS";
		};
/* End PBXContainerItemProxy section */

/* Begin PBXFileReference section */
		4ECCEEA6250B8B6B0075F921 /* Lemmy-iOS.app */ = {isa = PBXFileReference; explicitFileType = wrapper.application; includeInIndex = 0; path = "Lemmy-iOS.app"; sourceTree = BUILT_PRODUCTS_DIR; };
		4ECCEEA9250B8B6B0075F921 /* AppDelegate.swift */ = {isa = PBXFileReference; lastKnownFileType = sourcecode.swift; path = AppDelegate.swift; sourceTree = "<group>"; };
		4ECCEEAB250B8B6B0075F921 /* SceneDelegate.swift */ = {isa = PBXFileReference; lastKnownFileType = sourcecode.swift; path = SceneDelegate.swift; sourceTree = "<group>"; };
		4ECCEEAD250B8B6B0075F921 /* LoginViewController.swift */ = {isa = PBXFileReference; lastKnownFileType = sourcecode.swift; path = LoginViewController.swift; sourceTree = "<group>"; };
		4ECCEEB3250B8B6B0075F921 /* Lemmy_iOS.xcdatamodel */ = {isa = PBXFileReference; lastKnownFileType = wrapper.xcdatamodel; path = Lemmy_iOS.xcdatamodel; sourceTree = "<group>"; };
		4ECCEEB5250B8B6E0075F921 /* Assets.xcassets */ = {isa = PBXFileReference; lastKnownFileType = folder.assetcatalog; path = Assets.xcassets; sourceTree = "<group>"; };
		4ECCEEB8250B8B6E0075F921 /* Base */ = {isa = PBXFileReference; lastKnownFileType = file.storyboard; name = Base; path = Base.lproj/LaunchScreen.storyboard; sourceTree = "<group>"; };
		4ECCEEBA250B8B6E0075F921 /* Info.plist */ = {isa = PBXFileReference; lastKnownFileType = text.plist.xml; path = Info.plist; sourceTree = "<group>"; };
		4ECCEEBF250B8B6F0075F921 /* Lemmy-iOSTests.xctest */ = {isa = PBXFileReference; explicitFileType = wrapper.cfbundle; includeInIndex = 0; path = "Lemmy-iOSTests.xctest"; sourceTree = BUILT_PRODUCTS_DIR; };
		4ECCEEC3250B8B6F0075F921 /* Lemmy_iOSTests.swift */ = {isa = PBXFileReference; lastKnownFileType = sourcecode.swift; path = Lemmy_iOSTests.swift; sourceTree = "<group>"; };
		4ECCEEC5250B8B6F0075F921 /* Info.plist */ = {isa = PBXFileReference; lastKnownFileType = text.plist.xml; path = Info.plist; sourceTree = "<group>"; };
		4ECCEECA250B8B6F0075F921 /* Lemmy-iOSUITests.xctest */ = {isa = PBXFileReference; explicitFileType = wrapper.cfbundle; includeInIndex = 0; path = "Lemmy-iOSUITests.xctest"; sourceTree = BUILT_PRODUCTS_DIR; };
		4ECCEECE250B8B6F0075F921 /* Lemmy_iOSUITests.swift */ = {isa = PBXFileReference; lastKnownFileType = sourcecode.swift; path = Lemmy_iOSUITests.swift; sourceTree = "<group>"; };
		4ECCEED0250B8B6F0075F921 /* Info.plist */ = {isa = PBXFileReference; lastKnownFileType = text.plist.xml; path = Info.plist; sourceTree = "<group>"; };
		4ECCEEDC250B8D930075F921 /* AppCoordinator.swift */ = {isa = PBXFileReference; lastKnownFileType = sourcecode.swift; path = AppCoordinator.swift; sourceTree = "<group>"; };
		4ECCEEDF250B8DEE0075F921 /* Coordinator.swift */ = {isa = PBXFileReference; lastKnownFileType = sourcecode.swift; path = Coordinator.swift; sourceTree = "<group>"; };
		4ECCEEE6250B8FA80075F921 /* LoginCoordinator.swift */ = {isa = PBXFileReference; lastKnownFileType = sourcecode.swift; path = LoginCoordinator.swift; sourceTree = "<group>"; };
		4ECCEEE9250BA6230075F921 /* WSLemmy.swift */ = {isa = PBXFileReference; lastKnownFileType = sourcecode.swift; path = WSLemmy.swift; sourceTree = "<group>"; };
		4ECCEEEC250BE8870075F921 /* FrontPageViewController.swift */ = {isa = PBXFileReference; lastKnownFileType = sourcecode.swift; path = FrontPageViewController.swift; sourceTree = "<group>"; };
		4ECCEEEE250BE89B0075F921 /* FrontPageCoordinator.swift */ = {isa = PBXFileReference; lastKnownFileType = sourcecode.swift; path = FrontPageCoordinator.swift; sourceTree = "<group>"; };
		4ECCEEF1250C03A40075F921 /* LemmyTabBarCoordinator.swift */ = {isa = PBXFileReference; lastKnownFileType = sourcecode.swift; path = LemmyTabBarCoordinator.swift; sourceTree = "<group>"; };
		4ECCEEF3250C04280075F921 /* LemmyTabBarController.swift */ = {isa = PBXFileReference; lastKnownFileType = sourcecode.swift; path = LemmyTabBarController.swift; sourceTree = "<group>"; };
		4ECCEEFD250CA30E0075F921 /* FrontPageHeaderCell.swift */ = {isa = PBXFileReference; lastKnownFileType = sourcecode.swift; path = FrontPageHeaderCell.swift; sourceTree = "<group>"; };
		4ECCEEFF250CB4260075F921 /* FrontPageModel.swift */ = {isa = PBXFileReference; lastKnownFileType = sourcecode.swift; path = FrontPageModel.swift; sourceTree = "<group>"; };
		4ECCEF02250CB4E00075F921 /* LemmyApiStructs.swift */ = {isa = PBXFileReference; lastKnownFileType = sourcecode.swift; path = LemmyApiStructs.swift; sourceTree = "<group>"; };
		4ECCEF05250CC3330075F921 /* ApiManager.swift */ = {isa = PBXFileReference; lastKnownFileType = sourcecode.swift; path = ApiManager.swift; sourceTree = "<group>"; };
		4ECCEF08250CC3A60075F921 /* RequestsManager.swift */ = {isa = PBXFileReference; lastKnownFileType = sourcecode.swift; path = RequestsManager.swift; sourceTree = "<group>"; };
		4ECCEF0B250CCD3E0075F921 /* PostRequests.swift */ = {isa = PBXFileReference; lastKnownFileType = sourcecode.swift; path = PostRequests.swift; sourceTree = "<group>"; };
		4ECCEF0D250CDA5A0075F921 /* LemmyApiStructs+Post.swift */ = {isa = PBXFileReference; lastKnownFileType = sourcecode.swift; path = "LemmyApiStructs+Post.swift"; sourceTree = "<group>"; };
		4ECCEF12250CF0290075F921 /* PostContentTableCell.swift */ = {isa = PBXFileReference; lastKnownFileType = sourcecode.swift; path = PostContentTableCell.swift; sourceTree = "<group>"; };
		4ECCEF15250D2D9F0075F921 /* Extensions.swift */ = {isa = PBXFileReference; lastKnownFileType = sourcecode.swift; path = Extensions.swift; sourceTree = "<group>"; };
		4ECCEF19250D62580075F921 /* LemmyApiStructs+Comment.swift */ = {isa = PBXFileReference; lastKnownFileType = sourcecode.swift; path = "LemmyApiStructs+Comment.swift"; sourceTree = "<group>"; };
		4ECCEF1C250D63BE0075F921 /* CommentRequests.swift */ = {isa = PBXFileReference; lastKnownFileType = sourcecode.swift; path = CommentRequests.swift; sourceTree = "<group>"; };
		4ECCEF1E250DFBC90075F921 /* CommentContentTableCell.swift */ = {isa = PBXFileReference; lastKnownFileType = sourcecode.swift; path = CommentContentTableCell.swift; sourceTree = "<group>"; };
		AF9E5291792018DE1B6050FA /* Pods-Lemmy-iOS.release.xcconfig */ = {isa = PBXFileReference; includeInIndex = 1; lastKnownFileType = text.xcconfig; name = "Pods-Lemmy-iOS.release.xcconfig"; path = "Target Support Files/Pods-Lemmy-iOS/Pods-Lemmy-iOS.release.xcconfig"; sourceTree = "<group>"; };
		B936F2A371355A780B2B5D1D /* Pods_Lemmy_iOS.framework */ = {isa = PBXFileReference; explicitFileType = wrapper.framework; includeInIndex = 0; path = Pods_Lemmy_iOS.framework; sourceTree = BUILT_PRODUCTS_DIR; };
		F8130B334E7F53B10E26E71F /* Pods-Lemmy-iOS.debug.xcconfig */ = {isa = PBXFileReference; includeInIndex = 1; lastKnownFileType = text.xcconfig; name = "Pods-Lemmy-iOS.debug.xcconfig"; path = "Target Support Files/Pods-Lemmy-iOS/Pods-Lemmy-iOS.debug.xcconfig"; sourceTree = "<group>"; };
/* End PBXFileReference section */

/* Begin PBXFrameworksBuildPhase section */
		4ECCEEA3250B8B6B0075F921 /* Frameworks */ = {
			isa = PBXFrameworksBuildPhase;
			buildActionMask = 2147483647;
			files = (
				921D5D41A20BF0BD95B03486 /* Pods_Lemmy_iOS.framework in Frameworks */,
				4ECCEEFB250C13240075F921 /* SnapKit in Frameworks */,
			);
			runOnlyForDeploymentPostprocessing = 0;
		};
		4ECCEEBC250B8B6F0075F921 /* Frameworks */ = {
			isa = PBXFrameworksBuildPhase;
			buildActionMask = 2147483647;
			files = (
			);
			runOnlyForDeploymentPostprocessing = 0;
		};
		4ECCEEC7250B8B6F0075F921 /* Frameworks */ = {
			isa = PBXFrameworksBuildPhase;
			buildActionMask = 2147483647;
			files = (
			);
			runOnlyForDeploymentPostprocessing = 0;
		};
/* End PBXFrameworksBuildPhase section */

/* Begin PBXGroup section */
		4ECCEE9D250B8B6B0075F921 = {
			isa = PBXGroup;
			children = (
				4ECCEEA8250B8B6B0075F921 /* Lemmy-iOS */,
				4ECCEEC2250B8B6F0075F921 /* Lemmy-iOSTests */,
				4ECCEECD250B8B6F0075F921 /* Lemmy-iOSUITests */,
				4ECCEEA7250B8B6B0075F921 /* Products */,
				9295FD3B10BE5390706449EA /* Pods */,
				750E6997D470E00BE92AFA4E /* Frameworks */,
			);
			sourceTree = "<group>";
		};
		4ECCEEA7250B8B6B0075F921 /* Products */ = {
			isa = PBXGroup;
			children = (
				4ECCEEA6250B8B6B0075F921 /* Lemmy-iOS.app */,
				4ECCEEBF250B8B6F0075F921 /* Lemmy-iOSTests.xctest */,
				4ECCEECA250B8B6F0075F921 /* Lemmy-iOSUITests.xctest */,
			);
			name = Products;
			sourceTree = "<group>";
		};
		4ECCEEA8250B8B6B0075F921 /* Lemmy-iOS */ = {
			isa = PBXGroup;
			children = (
				4ECCEEE1250B8E1C0075F921 /* App */,
				4ECCEEE2250B8F4A0075F921 /* Features */,
				4ECCEEE8250BA6040075F921 /* Networking */,
				4ECCEEDE250B8DDF0075F921 /* Base */,
				4ECCEEB5250B8B6E0075F921 /* Assets.xcassets */,
				4ECCEEB7250B8B6E0075F921 /* LaunchScreen.storyboard */,
				4ECCEEBA250B8B6E0075F921 /* Info.plist */,
				4ECCEEB2250B8B6B0075F921 /* Lemmy_iOS.xcdatamodeld */,
			);
			path = "Lemmy-iOS";
			sourceTree = "<group>";
		};
		4ECCEEC2250B8B6F0075F921 /* Lemmy-iOSTests */ = {
			isa = PBXGroup;
			children = (
				4ECCEEC3250B8B6F0075F921 /* Lemmy_iOSTests.swift */,
				4ECCEEC5250B8B6F0075F921 /* Info.plist */,
			);
			path = "Lemmy-iOSTests";
			sourceTree = "<group>";
		};
		4ECCEECD250B8B6F0075F921 /* Lemmy-iOSUITests */ = {
			isa = PBXGroup;
			children = (
				4ECCEECE250B8B6F0075F921 /* Lemmy_iOSUITests.swift */,
				4ECCEED0250B8B6F0075F921 /* Info.plist */,
			);
			path = "Lemmy-iOSUITests";
			sourceTree = "<group>";
		};
		4ECCEEDE250B8DDF0075F921 /* Base */ = {
			isa = PBXGroup;
			children = (
				4ECCEF0F250CEFF80075F921 /* Cells */,
				4ECCEEDF250B8DEE0075F921 /* Coordinator.swift */,
				4ECCEF15250D2D9F0075F921 /* Extensions.swift */,
			);
			path = Base;
			sourceTree = "<group>";
		};
		4ECCEEE1250B8E1C0075F921 /* App */ = {
			isa = PBXGroup;
			children = (
				4ECCEEA9250B8B6B0075F921 /* AppDelegate.swift */,
				4ECCEEAB250B8B6B0075F921 /* SceneDelegate.swift */,
				4ECCEEDC250B8D930075F921 /* AppCoordinator.swift */,
			);
			path = App;
			sourceTree = "<group>";
		};
		4ECCEEE2250B8F4A0075F921 /* Features */ = {
			isa = PBXGroup;
			children = (
				4ECCEEF8250C0E390075F921 /* CreateCommunity */,
				4ECCEEF7250C0E330075F921 /* CreatePost */,
				4ECCEEF5250C0E230075F921 /* Communities */,
				4ECCEEEB250BE85B0075F921 /* FrontPage */,
				4ECCEEE3250B8F690075F921 /* Login */,
				4ECCEEF0250C03910075F921 /* LemmyTabBar */,
			);
			path = Features;
			sourceTree = "<group>";
		};
		4ECCEEE3250B8F690075F921 /* Login */ = {
			isa = PBXGroup;
			children = (
				4ECCEEAD250B8B6B0075F921 /* LoginViewController.swift */,
				4ECCEEE6250B8FA80075F921 /* LoginCoordinator.swift */,
			);
			path = Login;
			sourceTree = "<group>";
		};
		4ECCEEE8250BA6040075F921 /* Networking */ = {
			isa = PBXGroup;
			children = (
				4ECCEF0A250CCD2E0075F921 /* Requests */,
				4ECCEF05250CC3330075F921 /* ApiManager.swift */,
				4ECCEF07250CC39A0075F921 /* Objects */,
				4ECCEF01250CB4BB0075F921 /* ApiStructs */,
				4ECCEEE9250BA6230075F921 /* WSLemmy.swift */,
			);
			path = Networking;
			sourceTree = "<group>";
		};
		4ECCEEEB250BE85B0075F921 /* FrontPage */ = {
			isa = PBXGroup;
			children = (
				4ECCEEFC250C151A0075F921 /* cells */,
				4ECCEEFF250CB4260075F921 /* FrontPageModel.swift */,
				4ECCEEEC250BE8870075F921 /* FrontPageViewController.swift */,
				4ECCEEEE250BE89B0075F921 /* FrontPageCoordinator.swift */,
			);
			path = FrontPage;
			sourceTree = "<group>";
		};
		4ECCEEF0250C03910075F921 /* LemmyTabBar */ = {
			isa = PBXGroup;
			children = (
				4ECCEEF1250C03A40075F921 /* LemmyTabBarCoordinator.swift */,
				4ECCEEF3250C04280075F921 /* LemmyTabBarController.swift */,
			);
			path = LemmyTabBar;
			sourceTree = "<group>";
		};
		4ECCEEF5250C0E230075F921 /* Communities */ = {
			isa = PBXGroup;
			children = (
			);
			path = Communities;
			sourceTree = "<group>";
		};
		4ECCEEF7250C0E330075F921 /* CreatePost */ = {
			isa = PBXGroup;
			children = (
			);
			path = CreatePost;
			sourceTree = "<group>";
		};
		4ECCEEF8250C0E390075F921 /* CreateCommunity */ = {
			isa = PBXGroup;
			children = (
			);
			path = CreateCommunity;
			sourceTree = "<group>";
		};
		4ECCEEFC250C151A0075F921 /* cells */ = {
			isa = PBXGroup;
			children = (
				4ECCEEFD250CA30E0075F921 /* FrontPageHeaderCell.swift */,
			);
			path = cells;
			sourceTree = "<group>";
		};
		4ECCEF01250CB4BB0075F921 /* ApiStructs */ = {
			isa = PBXGroup;
			children = (
				4ECCEF02250CB4E00075F921 /* LemmyApiStructs.swift */,
				4ECCEF0D250CDA5A0075F921 /* LemmyApiStructs+Post.swift */,
				4ECCEF19250D62580075F921 /* LemmyApiStructs+Comment.swift */,
			);
			path = ApiStructs;
			sourceTree = "<group>";
		};
		4ECCEF07250CC39A0075F921 /* Objects */ = {
			isa = PBXGroup;
			children = (
				4ECCEF08250CC3A60075F921 /* RequestsManager.swift */,
			);
			path = Objects;
			sourceTree = "<group>";
		};
		4ECCEF0A250CCD2E0075F921 /* Requests */ = {
			isa = PBXGroup;
			children = (
				4ECCEF0B250CCD3E0075F921 /* PostRequests.swift */,
				4ECCEF1C250D63BE0075F921 /* CommentRequests.swift */,
			);
			path = Requests;
			sourceTree = "<group>";
		};
		4ECCEF0F250CEFF80075F921 /* Cells */ = {
			isa = PBXGroup;
			children = (
				4ECCEF12250CF0290075F921 /* PostContentTableCell.swift */,
				4ECCEF1E250DFBC90075F921 /* CommentContentTableCell.swift */,
			);
			path = Cells;
			sourceTree = "<group>";
		};
		750E6997D470E00BE92AFA4E /* Frameworks */ = {
			isa = PBXGroup;
			children = (
				B936F2A371355A780B2B5D1D /* Pods_Lemmy_iOS.framework */,
			);
			name = Frameworks;
			sourceTree = "<group>";
		};
		9295FD3B10BE5390706449EA /* Pods */ = {
			isa = PBXGroup;
			children = (
				F8130B334E7F53B10E26E71F /* Pods-Lemmy-iOS.debug.xcconfig */,
				AF9E5291792018DE1B6050FA /* Pods-Lemmy-iOS.release.xcconfig */,
			);
			path = Pods;
			sourceTree = "<group>";
		};
/* End PBXGroup section */

/* Begin PBXNativeTarget section */
		4ECCEEA5250B8B6B0075F921 /* Lemmy-iOS */ = {
			isa = PBXNativeTarget;
			buildConfigurationList = 4ECCEED3250B8B6F0075F921 /* Build configuration list for PBXNativeTarget "Lemmy-iOS" */;
			buildPhases = (
				A16D6AA48269C83E850CEE76 /* [CP] Check Pods Manifest.lock */,
				4ECCEEA2250B8B6B0075F921 /* Sources */,
				4ECCEEA3250B8B6B0075F921 /* Frameworks */,
				4ECCEEA4250B8B6B0075F921 /* Resources */,
				E11AFFA1835005D5587B3DED /* [CP] Embed Pods Frameworks */,
			);
			buildRules = (
			);
			dependencies = (
			);
			name = "Lemmy-iOS";
			packageProductDependencies = (
				4ECCEEFA250C13240075F921 /* SnapKit */,
			);
			productName = "Lemmy-iOS";
			productReference = 4ECCEEA6250B8B6B0075F921 /* Lemmy-iOS.app */;
			productType = "com.apple.product-type.application";
		};
		4ECCEEBE250B8B6F0075F921 /* Lemmy-iOSTests */ = {
			isa = PBXNativeTarget;
			buildConfigurationList = 4ECCEED6250B8B6F0075F921 /* Build configuration list for PBXNativeTarget "Lemmy-iOSTests" */;
			buildPhases = (
				4ECCEEBB250B8B6F0075F921 /* Sources */,
				4ECCEEBC250B8B6F0075F921 /* Frameworks */,
				4ECCEEBD250B8B6F0075F921 /* Resources */,
			);
			buildRules = (
			);
			dependencies = (
				4ECCEEC1250B8B6F0075F921 /* PBXTargetDependency */,
			);
			name = "Lemmy-iOSTests";
			productName = "Lemmy-iOSTests";
			productReference = 4ECCEEBF250B8B6F0075F921 /* Lemmy-iOSTests.xctest */;
			productType = "com.apple.product-type.bundle.unit-test";
		};
		4ECCEEC9250B8B6F0075F921 /* Lemmy-iOSUITests */ = {
			isa = PBXNativeTarget;
			buildConfigurationList = 4ECCEED9250B8B6F0075F921 /* Build configuration list for PBXNativeTarget "Lemmy-iOSUITests" */;
			buildPhases = (
				4ECCEEC6250B8B6F0075F921 /* Sources */,
				4ECCEEC7250B8B6F0075F921 /* Frameworks */,
				4ECCEEC8250B8B6F0075F921 /* Resources */,
			);
			buildRules = (
			);
			dependencies = (
				4ECCEECC250B8B6F0075F921 /* PBXTargetDependency */,
			);
			name = "Lemmy-iOSUITests";
			productName = "Lemmy-iOSUITests";
			productReference = 4ECCEECA250B8B6F0075F921 /* Lemmy-iOSUITests.xctest */;
			productType = "com.apple.product-type.bundle.ui-testing";
		};
/* End PBXNativeTarget section */

/* Begin PBXProject section */
		4ECCEE9E250B8B6B0075F921 /* Project object */ = {
			isa = PBXProject;
			attributes = {
				LastSwiftUpdateCheck = 1170;
				LastUpgradeCheck = 1170;
				ORGANIZATIONNAME = "Anton Kuzmin";
				TargetAttributes = {
					4ECCEEA5250B8B6B0075F921 = {
						CreatedOnToolsVersion = 11.7;
					};
					4ECCEEBE250B8B6F0075F921 = {
						CreatedOnToolsVersion = 11.7;
						TestTargetID = 4ECCEEA5250B8B6B0075F921;
					};
					4ECCEEC9250B8B6F0075F921 = {
						CreatedOnToolsVersion = 11.7;
						TestTargetID = 4ECCEEA5250B8B6B0075F921;
					};
				};
			};
			buildConfigurationList = 4ECCEEA1250B8B6B0075F921 /* Build configuration list for PBXProject "Lemmy-iOS" */;
			compatibilityVersion = "Xcode 9.3";
			developmentRegion = en;
			hasScannedForEncodings = 0;
			knownRegions = (
				en,
				Base,
			);
			mainGroup = 4ECCEE9D250B8B6B0075F921;
			packageReferences = (
				4ECCEEF9250C13240075F921 /* XCRemoteSwiftPackageReference "SnapKit" */,
			);
			productRefGroup = 4ECCEEA7250B8B6B0075F921 /* Products */;
			projectDirPath = "";
			projectRoot = "";
			targets = (
				4ECCEEA5250B8B6B0075F921 /* Lemmy-iOS */,
				4ECCEEBE250B8B6F0075F921 /* Lemmy-iOSTests */,
				4ECCEEC9250B8B6F0075F921 /* Lemmy-iOSUITests */,
			);
		};
/* End PBXProject section */

/* Begin PBXResourcesBuildPhase section */
		4ECCEEA4250B8B6B0075F921 /* Resources */ = {
			isa = PBXResourcesBuildPhase;
			buildActionMask = 2147483647;
			files = (
				4ECCEEB9250B8B6E0075F921 /* LaunchScreen.storyboard in Resources */,
				4ECCEEB6250B8B6E0075F921 /* Assets.xcassets in Resources */,
			);
			runOnlyForDeploymentPostprocessing = 0;
		};
		4ECCEEBD250B8B6F0075F921 /* Resources */ = {
			isa = PBXResourcesBuildPhase;
			buildActionMask = 2147483647;
			files = (
			);
			runOnlyForDeploymentPostprocessing = 0;
		};
		4ECCEEC8250B8B6F0075F921 /* Resources */ = {
			isa = PBXResourcesBuildPhase;
			buildActionMask = 2147483647;
			files = (
			);
			runOnlyForDeploymentPostprocessing = 0;
		};
/* End PBXResourcesBuildPhase section */

/* Begin PBXShellScriptBuildPhase section */
		A16D6AA48269C83E850CEE76 /* [CP] Check Pods Manifest.lock */ = {
			isa = PBXShellScriptBuildPhase;
			buildActionMask = 2147483647;
			files = (
			);
			inputFileListPaths = (
			);
			inputPaths = (
				"${PODS_PODFILE_DIR_PATH}/Podfile.lock",
				"${PODS_ROOT}/Manifest.lock",
			);
			name = "[CP] Check Pods Manifest.lock";
			outputFileListPaths = (
			);
			outputPaths = (
				"$(DERIVED_FILE_DIR)/Pods-Lemmy-iOS-checkManifestLockResult.txt",
			);
			runOnlyForDeploymentPostprocessing = 0;
			shellPath = /bin/sh;
			shellScript = "diff \"${PODS_PODFILE_DIR_PATH}/Podfile.lock\" \"${PODS_ROOT}/Manifest.lock\" > /dev/null\nif [ $? != 0 ] ; then\n    # print error to STDERR\n    echo \"error: The sandbox is not in sync with the Podfile.lock. Run 'pod install' or update your CocoaPods installation.\" >&2\n    exit 1\nfi\n# This output is used by Xcode 'outputs' to avoid re-running this script phase.\necho \"SUCCESS\" > \"${SCRIPT_OUTPUT_FILE_0}\"\n";
			showEnvVarsInLog = 0;
		};
		E11AFFA1835005D5587B3DED /* [CP] Embed Pods Frameworks */ = {
			isa = PBXShellScriptBuildPhase;
			buildActionMask = 2147483647;
			files = (
			);
			inputFileListPaths = (
				"${PODS_ROOT}/Target Support Files/Pods-Lemmy-iOS/Pods-Lemmy-iOS-frameworks-${CONFIGURATION}-input-files.xcfilelist",
			);
			name = "[CP] Embed Pods Frameworks";
			outputFileListPaths = (
				"${PODS_ROOT}/Target Support Files/Pods-Lemmy-iOS/Pods-Lemmy-iOS-frameworks-${CONFIGURATION}-output-files.xcfilelist",
			);
			runOnlyForDeploymentPostprocessing = 0;
			shellPath = /bin/sh;
			shellScript = "\"${PODS_ROOT}/Target Support Files/Pods-Lemmy-iOS/Pods-Lemmy-iOS-frameworks.sh\"\n";
			showEnvVarsInLog = 0;
		};
/* End PBXShellScriptBuildPhase section */

/* Begin PBXSourcesBuildPhase section */
		4ECCEEA2250B8B6B0075F921 /* Sources */ = {
			isa = PBXSourcesBuildPhase;
			buildActionMask = 2147483647;
			files = (
				4ECCEF1A250D62580075F921 /* LemmyApiStructs+Comment.swift in Sources */,
				4ECCEF06250CC3330075F921 /* ApiManager.swift in Sources */,
				4ECCEEB4250B8B6B0075F921 /* Lemmy_iOS.xcdatamodeld in Sources */,
				4ECCEEEF250BE89B0075F921 /* FrontPageCoordinator.swift in Sources */,
				4ECCEEAE250B8B6B0075F921 /* LoginViewController.swift in Sources */,
				4ECCEEE7250B8FA80075F921 /* LoginCoordinator.swift in Sources */,
				4ECCEEE0250B8DEE0075F921 /* Coordinator.swift in Sources */,
				4ECCEEFE250CA30E0075F921 /* FrontPageHeaderCell.swift in Sources */,
				4ECCEF1D250D63BE0075F921 /* CommentRequests.swift in Sources */,
				4ECCEF0C250CCD3E0075F921 /* PostRequests.swift in Sources */,
				4ECCEF0E250CDA5A0075F921 /* LemmyApiStructs+Post.swift in Sources */,
				4ECCEEDD250B8D930075F921 /* AppCoordinator.swift in Sources */,
				4ECCEEAA250B8B6B0075F921 /* AppDelegate.swift in Sources */,
				4ECCEEED250BE8870075F921 /* FrontPageViewController.swift in Sources */,
				4ECCEEEA250BA6230075F921 /* WSLemmy.swift in Sources */,
				4ECCEF16250D2D9F0075F921 /* Extensions.swift in Sources */,
				4ECCEF00250CB4260075F921 /* FrontPageModel.swift in Sources */,
				4ECCEF13250CF0290075F921 /* PostContentTableCell.swift in Sources */,
				4ECCEEAC250B8B6B0075F921 /* SceneDelegate.swift in Sources */,
				4ECCEF03250CB4E00075F921 /* LemmyApiStructs.swift in Sources */,
				4ECCEEF4250C04280075F921 /* LemmyTabBarController.swift in Sources */,
				4ECCEF09250CC3A60075F921 /* RequestsManager.swift in Sources */,
				4ECCEF1F250DFBC90075F921 /* CommentContentTableCell.swift in Sources */,
				4ECCEEF2250C03A40075F921 /* LemmyTabBarCoordinator.swift in Sources */,
			);
			runOnlyForDeploymentPostprocessing = 0;
		};
		4ECCEEBB250B8B6F0075F921 /* Sources */ = {
			isa = PBXSourcesBuildPhase;
			buildActionMask = 2147483647;
			files = (
				4ECCEEC4250B8B6F0075F921 /* Lemmy_iOSTests.swift in Sources */,
			);
			runOnlyForDeploymentPostprocessing = 0;
		};
		4ECCEEC6250B8B6F0075F921 /* Sources */ = {
			isa = PBXSourcesBuildPhase;
			buildActionMask = 2147483647;
			files = (
				4ECCEECF250B8B6F0075F921 /* Lemmy_iOSUITests.swift in Sources */,
			);
			runOnlyForDeploymentPostprocessing = 0;
		};
/* End PBXSourcesBuildPhase section */

/* Begin PBXTargetDependency section */
		4ECCEEC1250B8B6F0075F921 /* PBXTargetDependency */ = {
			isa = PBXTargetDependency;
			target = 4ECCEEA5250B8B6B0075F921 /* Lemmy-iOS */;
			targetProxy = 4ECCEEC0250B8B6F0075F921 /* PBXContainerItemProxy */;
		};
		4ECCEECC250B8B6F0075F921 /* PBXTargetDependency */ = {
			isa = PBXTargetDependency;
			target = 4ECCEEA5250B8B6B0075F921 /* Lemmy-iOS */;
			targetProxy = 4ECCEECB250B8B6F0075F921 /* PBXContainerItemProxy */;
		};
/* End PBXTargetDependency section */

/* Begin PBXVariantGroup section */
		4ECCEEB7250B8B6E0075F921 /* LaunchScreen.storyboard */ = {
			isa = PBXVariantGroup;
			children = (
				4ECCEEB8250B8B6E0075F921 /* Base */,
			);
			name = LaunchScreen.storyboard;
			sourceTree = "<group>";
		};
/* End PBXVariantGroup section */

/* Begin XCBuildConfiguration section */
		4ECCEED1250B8B6F0075F921 /* Debug */ = {
			isa = XCBuildConfiguration;
			buildSettings = {
				ALWAYS_SEARCH_USER_PATHS = NO;
				CLANG_ANALYZER_NONNULL = YES;
				CLANG_ANALYZER_NUMBER_OBJECT_CONVERSION = YES_AGGRESSIVE;
				CLANG_CXX_LANGUAGE_STANDARD = "gnu++14";
				CLANG_CXX_LIBRARY = "libc++";
				CLANG_ENABLE_MODULES = YES;
				CLANG_ENABLE_OBJC_ARC = YES;
				CLANG_ENABLE_OBJC_WEAK = YES;
				CLANG_WARN_BLOCK_CAPTURE_AUTORELEASING = YES;
				CLANG_WARN_BOOL_CONVERSION = YES;
				CLANG_WARN_COMMA = YES;
				CLANG_WARN_CONSTANT_CONVERSION = YES;
				CLANG_WARN_DEPRECATED_OBJC_IMPLEMENTATIONS = YES;
				CLANG_WARN_DIRECT_OBJC_ISA_USAGE = YES_ERROR;
				CLANG_WARN_DOCUMENTATION_COMMENTS = YES;
				CLANG_WARN_EMPTY_BODY = YES;
				CLANG_WARN_ENUM_CONVERSION = YES;
				CLANG_WARN_INFINITE_RECURSION = YES;
				CLANG_WARN_INT_CONVERSION = YES;
				CLANG_WARN_NON_LITERAL_NULL_CONVERSION = YES;
				CLANG_WARN_OBJC_IMPLICIT_RETAIN_SELF = YES;
				CLANG_WARN_OBJC_LITERAL_CONVERSION = YES;
				CLANG_WARN_OBJC_ROOT_CLASS = YES_ERROR;
				CLANG_WARN_RANGE_LOOP_ANALYSIS = YES;
				CLANG_WARN_STRICT_PROTOTYPES = YES;
				CLANG_WARN_SUSPICIOUS_MOVE = YES;
				CLANG_WARN_UNGUARDED_AVAILABILITY = YES_AGGRESSIVE;
				CLANG_WARN_UNREACHABLE_CODE = YES;
				CLANG_WARN__DUPLICATE_METHOD_MATCH = YES;
				COPY_PHASE_STRIP = NO;
				DEBUG_INFORMATION_FORMAT = dwarf;
				ENABLE_STRICT_OBJC_MSGSEND = YES;
				ENABLE_TESTABILITY = YES;
				GCC_C_LANGUAGE_STANDARD = gnu11;
				GCC_DYNAMIC_NO_PIC = NO;
				GCC_NO_COMMON_BLOCKS = YES;
				GCC_OPTIMIZATION_LEVEL = 0;
				GCC_PREPROCESSOR_DEFINITIONS = (
					"DEBUG=1",
					"$(inherited)",
				);
				GCC_WARN_64_TO_32_BIT_CONVERSION = YES;
				GCC_WARN_ABOUT_RETURN_TYPE = YES_ERROR;
				GCC_WARN_UNDECLARED_SELECTOR = YES;
				GCC_WARN_UNINITIALIZED_AUTOS = YES_AGGRESSIVE;
				GCC_WARN_UNUSED_FUNCTION = YES;
				GCC_WARN_UNUSED_VARIABLE = YES;
				IPHONEOS_DEPLOYMENT_TARGET = 13.7;
				MTL_ENABLE_DEBUG_INFO = INCLUDE_SOURCE;
				MTL_FAST_MATH = YES;
				ONLY_ACTIVE_ARCH = YES;
				SDKROOT = iphoneos;
				SWIFT_ACTIVE_COMPILATION_CONDITIONS = DEBUG;
				SWIFT_OPTIMIZATION_LEVEL = "-Onone";
			};
			name = Debug;
		};
		4ECCEED2250B8B6F0075F921 /* Release */ = {
			isa = XCBuildConfiguration;
			buildSettings = {
				ALWAYS_SEARCH_USER_PATHS = NO;
				CLANG_ANALYZER_NONNULL = YES;
				CLANG_ANALYZER_NUMBER_OBJECT_CONVERSION = YES_AGGRESSIVE;
				CLANG_CXX_LANGUAGE_STANDARD = "gnu++14";
				CLANG_CXX_LIBRARY = "libc++";
				CLANG_ENABLE_MODULES = YES;
				CLANG_ENABLE_OBJC_ARC = YES;
				CLANG_ENABLE_OBJC_WEAK = YES;
				CLANG_WARN_BLOCK_CAPTURE_AUTORELEASING = YES;
				CLANG_WARN_BOOL_CONVERSION = YES;
				CLANG_WARN_COMMA = YES;
				CLANG_WARN_CONSTANT_CONVERSION = YES;
				CLANG_WARN_DEPRECATED_OBJC_IMPLEMENTATIONS = YES;
				CLANG_WARN_DIRECT_OBJC_ISA_USAGE = YES_ERROR;
				CLANG_WARN_DOCUMENTATION_COMMENTS = YES;
				CLANG_WARN_EMPTY_BODY = YES;
				CLANG_WARN_ENUM_CONVERSION = YES;
				CLANG_WARN_INFINITE_RECURSION = YES;
				CLANG_WARN_INT_CONVERSION = YES;
				CLANG_WARN_NON_LITERAL_NULL_CONVERSION = YES;
				CLANG_WARN_OBJC_IMPLICIT_RETAIN_SELF = YES;
				CLANG_WARN_OBJC_LITERAL_CONVERSION = YES;
				CLANG_WARN_OBJC_ROOT_CLASS = YES_ERROR;
				CLANG_WARN_RANGE_LOOP_ANALYSIS = YES;
				CLANG_WARN_STRICT_PROTOTYPES = YES;
				CLANG_WARN_SUSPICIOUS_MOVE = YES;
				CLANG_WARN_UNGUARDED_AVAILABILITY = YES_AGGRESSIVE;
				CLANG_WARN_UNREACHABLE_CODE = YES;
				CLANG_WARN__DUPLICATE_METHOD_MATCH = YES;
				COPY_PHASE_STRIP = NO;
				DEBUG_INFORMATION_FORMAT = "dwarf-with-dsym";
				ENABLE_NS_ASSERTIONS = NO;
				ENABLE_STRICT_OBJC_MSGSEND = YES;
				GCC_C_LANGUAGE_STANDARD = gnu11;
				GCC_NO_COMMON_BLOCKS = YES;
				GCC_WARN_64_TO_32_BIT_CONVERSION = YES;
				GCC_WARN_ABOUT_RETURN_TYPE = YES_ERROR;
				GCC_WARN_UNDECLARED_SELECTOR = YES;
				GCC_WARN_UNINITIALIZED_AUTOS = YES_AGGRESSIVE;
				GCC_WARN_UNUSED_FUNCTION = YES;
				GCC_WARN_UNUSED_VARIABLE = YES;
				IPHONEOS_DEPLOYMENT_TARGET = 13.7;
				MTL_ENABLE_DEBUG_INFO = NO;
				MTL_FAST_MATH = YES;
				SDKROOT = iphoneos;
				SWIFT_COMPILATION_MODE = wholemodule;
				SWIFT_OPTIMIZATION_LEVEL = "-O";
				VALIDATE_PRODUCT = YES;
			};
			name = Release;
		};
		4ECCEED4250B8B6F0075F921 /* Debug */ = {
			isa = XCBuildConfiguration;
			baseConfigurationReference = F8130B334E7F53B10E26E71F /* Pods-Lemmy-iOS.debug.xcconfig */;
			buildSettings = {
				ASSETCATALOG_COMPILER_APPICON_NAME = AppIcon;
				CODE_SIGN_STYLE = Automatic;
				DEVELOPMENT_TEAM = 75BBTA9VPU;
				INFOPLIST_FILE = "Lemmy-iOS/Info.plist";
				LD_RUNPATH_SEARCH_PATHS = (
					"$(inherited)",
					"@executable_path/Frameworks",
				);
				PRODUCT_BUNDLE_IDENTIFIER = "com.uuttff8.Lemmy-iOS";
				PRODUCT_NAME = "$(TARGET_NAME)";
				SWIFT_VERSION = 5.0;
				TARGETED_DEVICE_FAMILY = "1,2";
			};
			name = Debug;
		};
		4ECCEED5250B8B6F0075F921 /* Release */ = {
			isa = XCBuildConfiguration;
			baseConfigurationReference = AF9E5291792018DE1B6050FA /* Pods-Lemmy-iOS.release.xcconfig */;
			buildSettings = {
				ASSETCATALOG_COMPILER_APPICON_NAME = AppIcon;
				CODE_SIGN_STYLE = Automatic;
				DEVELOPMENT_TEAM = 75BBTA9VPU;
				INFOPLIST_FILE = "Lemmy-iOS/Info.plist";
				LD_RUNPATH_SEARCH_PATHS = (
					"$(inherited)",
					"@executable_path/Frameworks",
				);
				PRODUCT_BUNDLE_IDENTIFIER = "com.uuttff8.Lemmy-iOS";
				PRODUCT_NAME = "$(TARGET_NAME)";
				SWIFT_VERSION = 5.0;
				TARGETED_DEVICE_FAMILY = "1,2";
			};
			name = Release;
		};
		4ECCEED7250B8B6F0075F921 /* Debug */ = {
			isa = XCBuildConfiguration;
			buildSettings = {
				ALWAYS_EMBED_SWIFT_STANDARD_LIBRARIES = YES;
				BUNDLE_LOADER = "$(TEST_HOST)";
				CODE_SIGN_STYLE = Automatic;
				DEVELOPMENT_TEAM = 75BBTA9VPU;
				INFOPLIST_FILE = "Lemmy-iOSTests/Info.plist";
				IPHONEOS_DEPLOYMENT_TARGET = 13.7;
				LD_RUNPATH_SEARCH_PATHS = (
					"$(inherited)",
					"@executable_path/Frameworks",
					"@loader_path/Frameworks",
				);
				PRODUCT_BUNDLE_IDENTIFIER = "com.uuttff8.Lemmy-iOSTests";
				PRODUCT_NAME = "$(TARGET_NAME)";
				SWIFT_VERSION = 5.0;
				TARGETED_DEVICE_FAMILY = "1,2";
				TEST_HOST = "$(BUILT_PRODUCTS_DIR)/Lemmy-iOS.app/Lemmy-iOS";
			};
			name = Debug;
		};
		4ECCEED8250B8B6F0075F921 /* Release */ = {
			isa = XCBuildConfiguration;
			buildSettings = {
				ALWAYS_EMBED_SWIFT_STANDARD_LIBRARIES = YES;
				BUNDLE_LOADER = "$(TEST_HOST)";
				CODE_SIGN_STYLE = Automatic;
				DEVELOPMENT_TEAM = 75BBTA9VPU;
				INFOPLIST_FILE = "Lemmy-iOSTests/Info.plist";
				IPHONEOS_DEPLOYMENT_TARGET = 13.7;
				LD_RUNPATH_SEARCH_PATHS = (
					"$(inherited)",
					"@executable_path/Frameworks",
					"@loader_path/Frameworks",
				);
				PRODUCT_BUNDLE_IDENTIFIER = "com.uuttff8.Lemmy-iOSTests";
				PRODUCT_NAME = "$(TARGET_NAME)";
				SWIFT_VERSION = 5.0;
				TARGETED_DEVICE_FAMILY = "1,2";
				TEST_HOST = "$(BUILT_PRODUCTS_DIR)/Lemmy-iOS.app/Lemmy-iOS";
			};
			name = Release;
		};
		4ECCEEDA250B8B6F0075F921 /* Debug */ = {
			isa = XCBuildConfiguration;
			buildSettings = {
				ALWAYS_EMBED_SWIFT_STANDARD_LIBRARIES = YES;
				CODE_SIGN_STYLE = Automatic;
				DEVELOPMENT_TEAM = 75BBTA9VPU;
				INFOPLIST_FILE = "Lemmy-iOSUITests/Info.plist";
				LD_RUNPATH_SEARCH_PATHS = (
					"$(inherited)",
					"@executable_path/Frameworks",
					"@loader_path/Frameworks",
				);
				PRODUCT_BUNDLE_IDENTIFIER = "com.uuttff8.Lemmy-iOSUITests";
				PRODUCT_NAME = "$(TARGET_NAME)";
				SWIFT_VERSION = 5.0;
				TARGETED_DEVICE_FAMILY = "1,2";
				TEST_TARGET_NAME = "Lemmy-iOS";
			};
			name = Debug;
		};
		4ECCEEDB250B8B6F0075F921 /* Release */ = {
			isa = XCBuildConfiguration;
			buildSettings = {
				ALWAYS_EMBED_SWIFT_STANDARD_LIBRARIES = YES;
				CODE_SIGN_STYLE = Automatic;
				DEVELOPMENT_TEAM = 75BBTA9VPU;
				INFOPLIST_FILE = "Lemmy-iOSUITests/Info.plist";
				LD_RUNPATH_SEARCH_PATHS = (
					"$(inherited)",
					"@executable_path/Frameworks",
					"@loader_path/Frameworks",
				);
				PRODUCT_BUNDLE_IDENTIFIER = "com.uuttff8.Lemmy-iOSUITests";
				PRODUCT_NAME = "$(TARGET_NAME)";
				SWIFT_VERSION = 5.0;
				TARGETED_DEVICE_FAMILY = "1,2";
				TEST_TARGET_NAME = "Lemmy-iOS";
			};
			name = Release;
		};
/* End XCBuildConfiguration section */

/* Begin XCConfigurationList section */
		4ECCEEA1250B8B6B0075F921 /* Build configuration list for PBXProject "Lemmy-iOS" */ = {
			isa = XCConfigurationList;
			buildConfigurations = (
				4ECCEED1250B8B6F0075F921 /* Debug */,
				4ECCEED2250B8B6F0075F921 /* Release */,
			);
			defaultConfigurationIsVisible = 0;
			defaultConfigurationName = Release;
		};
		4ECCEED3250B8B6F0075F921 /* Build configuration list for PBXNativeTarget "Lemmy-iOS" */ = {
			isa = XCConfigurationList;
			buildConfigurations = (
				4ECCEED4250B8B6F0075F921 /* Debug */,
				4ECCEED5250B8B6F0075F921 /* Release */,
			);
			defaultConfigurationIsVisible = 0;
			defaultConfigurationName = Release;
		};
		4ECCEED6250B8B6F0075F921 /* Build configuration list for PBXNativeTarget "Lemmy-iOSTests" */ = {
			isa = XCConfigurationList;
			buildConfigurations = (
				4ECCEED7250B8B6F0075F921 /* Debug */,
				4ECCEED8250B8B6F0075F921 /* Release */,
			);
			defaultConfigurationIsVisible = 0;
			defaultConfigurationName = Release;
		};
		4ECCEED9250B8B6F0075F921 /* Build configuration list for PBXNativeTarget "Lemmy-iOSUITests" */ = {
			isa = XCConfigurationList;
			buildConfigurations = (
				4ECCEEDA250B8B6F0075F921 /* Debug */,
				4ECCEEDB250B8B6F0075F921 /* Release */,
			);
			defaultConfigurationIsVisible = 0;
			defaultConfigurationName = Release;
		};
/* End XCConfigurationList section */

/* Begin XCRemoteSwiftPackageReference section */
		4ECCEEF9250C13240075F921 /* XCRemoteSwiftPackageReference "SnapKit" */ = {
			isa = XCRemoteSwiftPackageReference;
			repositoryURL = "https://github.com/SnapKit/SnapKit";
			requirement = {
				kind = upToNextMajorVersion;
				minimumVersion = 5.0.1;
			};
		};
/* End XCRemoteSwiftPackageReference section */

/* Begin XCSwiftPackageProductDependency section */
		4ECCEEFA250C13240075F921 /* SnapKit */ = {
			isa = XCSwiftPackageProductDependency;
			package = 4ECCEEF9250C13240075F921 /* XCRemoteSwiftPackageReference "SnapKit" */;
			productName = SnapKit;
		};
/* End XCSwiftPackageProductDependency section */

/* Begin XCVersionGroup section */
		4ECCEEB2250B8B6B0075F921 /* Lemmy_iOS.xcdatamodeld */ = {
			isa = XCVersionGroup;
			children = (
				4ECCEEB3250B8B6B0075F921 /* Lemmy_iOS.xcdatamodel */,
			);
			currentVersion = 4ECCEEB3250B8B6B0075F921 /* Lemmy_iOS.xcdatamodel */;
			path = Lemmy_iOS.xcdatamodeld;
			sourceTree = "<group>";
			versionGroupType = wrapper.xcdatamodel;
		};
/* End XCVersionGroup section */
	};
	rootObject = 4ECCEE9E250B8B6B0075F921 /* Project object */;
}
