// !$*UTF8*$!
{
	archiveVersion = 1;
	classes = {
	};
	objectVersion = 52;
	objects = {

/* Begin PBXBuildFile section */
		4E106F5D25273A0C009EABDA /* CommentTreeTableCell.swift in Sources */ = {isa = PBXBuildFile; fileRef = 4E106F5C25273A0C009EABDA /* CommentTreeTableCell.swift */; };
		4E106F6525274325009EABDA /* PostScreenModel.swift in Sources */ = {isa = PBXBuildFile; fileRef = 4E106F6425274325009EABDA /* PostScreenModel.swift */; };
		4E10704B2534756B009EABDA /* Protocols.swift in Sources */ = {isa = PBXBuildFile; fileRef = 4E10704A2534756B009EABDA /* Protocols.swift */; };
		4E107053253476EE009EABDA /* PostsFrontPageViewController.swift in Sources */ = {isa = PBXBuildFile; fileRef = 4E107052253476EE009EABDA /* PostsFrontPageViewController.swift */; };
		4E10705B253476FC009EABDA /* PostsFrontPageModel.swift in Sources */ = {isa = PBXBuildFile; fileRef = 4E10705A253476FC009EABDA /* PostsFrontPageModel.swift */; };
		4E1070602534770B009EABDA /* CommentsFrontPageViewController.swift in Sources */ = {isa = PBXBuildFile; fileRef = 4E10705F2534770B009EABDA /* CommentsFrontPageViewController.swift */; };
		4E1070652534771C009EABDA /* CommentsFrontPageModel.swift in Sources */ = {isa = PBXBuildFile; fileRef = 4E1070642534771C009EABDA /* CommentsFrontPageModel.swift */; };
		4E10706B253477C1009EABDA /* LemmyUITableView.swift in Sources */ = {isa = PBXBuildFile; fileRef = 4E10706A253477C1009EABDA /* LemmyUITableView.swift */; };
		4E1070712534E970009EABDA /* CreatePostOrCommunityViewController.swift in Sources */ = {isa = PBXBuildFile; fileRef = 4E1070702534E96F009EABDA /* CreatePostOrCommunityViewController.swift */; };
		4E1070792534E97E009EABDA /* CreatePostOrCommunityCoordinator.swift in Sources */ = {isa = PBXBuildFile; fileRef = 4E1070782534E97E009EABDA /* CreatePostOrCommunityCoordinator.swift */; };
		4E10707E2534F5EC009EABDA /* LemmyCheckLogin.swift in Sources */ = {isa = PBXBuildFile; fileRef = 4E10707D2534F5EC009EABDA /* LemmyCheckLogin.swift */; };
		4E1070842534F742009EABDA /* KeychainSwift in Frameworks */ = {isa = PBXBuildFile; productRef = 4E1070832534F742009EABDA /* KeychainSwift */; };
		4E10708E2534F7A7009EABDA /* LoginData.swift in Sources */ = {isa = PBXBuildFile; fileRef = 4E10708D2534F7A7009EABDA /* LoginData.swift */; };
		4E107093253500DA009EABDA /* LemmyApiStructs+User.swift in Sources */ = {isa = PBXBuildFile; fileRef = 4E107092253500DA009EABDA /* LemmyApiStructs+User.swift */; };
		4E1070982535DF4F009EABDA /* LemmyShareData.swift in Sources */ = {isa = PBXBuildFile; fileRef = 4E1070972535DF4F009EABDA /* LemmyShareData.swift */; };
		4E10709D25361846009EABDA /* SignInView.swift in Sources */ = {isa = PBXBuildFile; fileRef = 4E10709C25361846009EABDA /* SignInView.swift */; };
		4E886C17253626950076B162 /* SignUpView.swift in Sources */ = {isa = PBXBuildFile; fileRef = 4E886C16253626950076B162 /* SignUpView.swift */; };
		4E886C1C25364DD70076B162 /* AuthRequests.swift in Sources */ = {isa = PBXBuildFile; fileRef = 4E886C1B25364DD70076B162 /* AuthRequests.swift */; };
		4E886C2125364EC30076B162 /* UserRequests.swift in Sources */ = {isa = PBXBuildFile; fileRef = 4E886C2025364EC30076B162 /* UserRequests.swift */; };
		4E886C26253744AB0076B162 /* LemmyApiStructs+Auth.swift in Sources */ = {isa = PBXBuildFile; fileRef = 4E886C25253744AB0076B162 /* LemmyApiStructs+Auth.swift */; };
		4E886C2B253758A30076B162 /* LemmyApiStructs+Site.swift in Sources */ = {isa = PBXBuildFile; fileRef = 4E886C2A253758A30076B162 /* LemmyApiStructs+Site.swift */; };
		4E886C302537598F0076B162 /* SiteRequests.swift in Sources */ = {isa = PBXBuildFile; fileRef = 4E886C2F2537598F0076B162 /* SiteRequests.swift */; };
		4E886C36253872D10076B162 /* SignUpModel.swift in Sources */ = {isa = PBXBuildFile; fileRef = 4E886C35253872D10076B162 /* SignUpModel.swift */; };
		4E886C3B2538BE830076B162 /* LemmyTextWithSwitch.swift in Sources */ = {isa = PBXBuildFile; fileRef = 4E886C3A2538BE830076B162 /* LemmyTextWithSwitch.swift */; };
		4E886C422538C3540076B162 /* Config.swift in Sources */ = {isa = PBXBuildFile; fileRef = 4E886C412538C3540076B162 /* Config.swift */; };
		4EB89AF8251F47A7007129BF /* PostScreenViewController.swift in Sources */ = {isa = PBXBuildFile; fileRef = 4EB89AF7251F47A7007129BF /* PostScreenViewController.swift */; };
		4EB89B00251F4882007129BF /* PostScreenUI.swift in Sources */ = {isa = PBXBuildFile; fileRef = 4EB89AFF251F4882007129BF /* PostScreenUI.swift */; };
		4EB89B052521EAA6007129BF /* LemmyGreenOutlinePostDescription.swift in Sources */ = {isa = PBXBuildFile; fileRef = 4EB89B042521EAA6007129BF /* LemmyGreenOutlinePostDescription.swift */; };
		4EB89B0A2521FA73007129BF /* LoginOrRegisterButton.swift in Sources */ = {isa = PBXBuildFile; fileRef = 4EB89B092521FA73007129BF /* LoginOrRegisterButton.swift */; };
		4EB89B302521FDBE007129BF /* LemmyLinkedClickableUILabel.swift in Sources */ = {isa = PBXBuildFile; fileRef = 4EB89B2F2521FDBE007129BF /* LemmyLinkedClickableUILabel.swift */; };
		4EB89B3525220B81007129BF /* LemmyCommentView.swift in Sources */ = {isa = PBXBuildFile; fileRef = 4EB89B3425220B81007129BF /* LemmyCommentView.swift */; };
		4EB89B3B25220DC6007129BF /* CommentListingSort.swift in Sources */ = {isa = PBXBuildFile; fileRef = 4EB89B3A25220DC6007129BF /* CommentListingSort.swift */; };
		4ECCEEAA250B8B6B0075F921 /* AppDelegate.swift in Sources */ = {isa = PBXBuildFile; fileRef = 4ECCEEA9250B8B6B0075F921 /* AppDelegate.swift */; };
		4ECCEEAC250B8B6B0075F921 /* SceneDelegate.swift in Sources */ = {isa = PBXBuildFile; fileRef = 4ECCEEAB250B8B6B0075F921 /* SceneDelegate.swift */; };
		4ECCEEAE250B8B6B0075F921 /* LoginViewController.swift in Sources */ = {isa = PBXBuildFile; fileRef = 4ECCEEAD250B8B6B0075F921 /* LoginViewController.swift */; };
		4ECCEEB4250B8B6B0075F921 /* Lemmy_iOS.xcdatamodeld in Sources */ = {isa = PBXBuildFile; fileRef = 4ECCEEB2250B8B6B0075F921 /* Lemmy_iOS.xcdatamodeld */; };
		4ECCEEB6250B8B6E0075F921 /* Assets.xcassets in Resources */ = {isa = PBXBuildFile; fileRef = 4ECCEEB5250B8B6E0075F921 /* Assets.xcassets */; };
		4ECCEEB9250B8B6E0075F921 /* LaunchScreen.storyboard in Resources */ = {isa = PBXBuildFile; fileRef = 4ECCEEB7250B8B6E0075F921 /* LaunchScreen.storyboard */; };
		4ECCEEC4250B8B6F0075F921 /* Lemmy_iOSTests.swift in Sources */ = {isa = PBXBuildFile; fileRef = 4ECCEEC3250B8B6F0075F921 /* Lemmy_iOSTests.swift */; };
		4ECCEECF250B8B6F0075F921 /* Lemmy_iOSUITests.swift in Sources */ = {isa = PBXBuildFile; fileRef = 4ECCEECE250B8B6F0075F921 /* Lemmy_iOSUITests.swift */; };
		4ECCEEDD250B8D930075F921 /* AppCoordinator.swift in Sources */ = {isa = PBXBuildFile; fileRef = 4ECCEEDC250B8D930075F921 /* AppCoordinator.swift */; };
		4ECCEEE0250B8DEE0075F921 /* Coordinator.swift in Sources */ = {isa = PBXBuildFile; fileRef = 4ECCEEDF250B8DEE0075F921 /* Coordinator.swift */; };
		4ECCEEE7250B8FA80075F921 /* AuthCoordinator.swift in Sources */ = {isa = PBXBuildFile; fileRef = 4ECCEEE6250B8FA80075F921 /* AuthCoordinator.swift */; };
		4ECCEEEA250BA6230075F921 /* WSLemmy.swift in Sources */ = {isa = PBXBuildFile; fileRef = 4ECCEEE9250BA6230075F921 /* WSLemmy.swift */; };
		4ECCEEED250BE8870075F921 /* FrontPageViewController.swift in Sources */ = {isa = PBXBuildFile; fileRef = 4ECCEEEC250BE8870075F921 /* FrontPageViewController.swift */; };
		4ECCEEEF250BE89B0075F921 /* FrontPageCoordinator.swift in Sources */ = {isa = PBXBuildFile; fileRef = 4ECCEEEE250BE89B0075F921 /* FrontPageCoordinator.swift */; };
		4ECCEEF2250C03A40075F921 /* LemmyTabBarCoordinator.swift in Sources */ = {isa = PBXBuildFile; fileRef = 4ECCEEF1250C03A40075F921 /* LemmyTabBarCoordinator.swift */; };
		4ECCEEF4250C04280075F921 /* LemmyTabBarController.swift in Sources */ = {isa = PBXBuildFile; fileRef = 4ECCEEF3250C04280075F921 /* LemmyTabBarController.swift */; };
		4ECCEEFB250C13240075F921 /* SnapKit in Frameworks */ = {isa = PBXBuildFile; productRef = 4ECCEEFA250C13240075F921 /* SnapKit */; };
		4ECCEEFE250CA30E0075F921 /* FrontPageHeaderCell.swift in Sources */ = {isa = PBXBuildFile; fileRef = 4ECCEEFD250CA30E0075F921 /* FrontPageHeaderCell.swift */; };
		4ECCEF03250CB4E00075F921 /* LemmyApiStructs.swift in Sources */ = {isa = PBXBuildFile; fileRef = 4ECCEF02250CB4E00075F921 /* LemmyApiStructs.swift */; };
		4ECCEF06250CC3330075F921 /* ApiManager.swift in Sources */ = {isa = PBXBuildFile; fileRef = 4ECCEF05250CC3330075F921 /* ApiManager.swift */; };
		4ECCEF09250CC3A60075F921 /* RequestsManager.swift in Sources */ = {isa = PBXBuildFile; fileRef = 4ECCEF08250CC3A60075F921 /* RequestsManager.swift */; };
		4ECCEF0C250CCD3E0075F921 /* PostRequests.swift in Sources */ = {isa = PBXBuildFile; fileRef = 4ECCEF0B250CCD3E0075F921 /* PostRequests.swift */; };
		4ECCEF0E250CDA5A0075F921 /* LemmyApiStructs+Post.swift in Sources */ = {isa = PBXBuildFile; fileRef = 4ECCEF0D250CDA5A0075F921 /* LemmyApiStructs+Post.swift */; };
		4ECCEF13250CF0290075F921 /* PostContentTableCell.swift in Sources */ = {isa = PBXBuildFile; fileRef = 4ECCEF12250CF0290075F921 /* PostContentTableCell.swift */; };
		4ECCEF16250D2D9F0075F921 /* Extensions.swift in Sources */ = {isa = PBXBuildFile; fileRef = 4ECCEF15250D2D9F0075F921 /* Extensions.swift */; };
		4ECCEF1A250D62580075F921 /* LemmyApiStructs+Comment.swift in Sources */ = {isa = PBXBuildFile; fileRef = 4ECCEF19250D62580075F921 /* LemmyApiStructs+Comment.swift */; };
		4ECCEF1D250D63BE0075F921 /* CommentRequests.swift in Sources */ = {isa = PBXBuildFile; fileRef = 4ECCEF1C250D63BE0075F921 /* CommentRequests.swift */; };
		4ECCEF1F250DFBC90075F921 /* CommentContentTableCell.swift in Sources */ = {isa = PBXBuildFile; fileRef = 4ECCEF1E250DFBC90075F921 /* CommentContentTableCell.swift */; };
		4ECCEF21250FB3D40075F921 /* CommunitiesCoordinator.swift in Sources */ = {isa = PBXBuildFile; fileRef = 4ECCEF20250FB3D40075F921 /* CommunitiesCoordinator.swift */; };
		4ECCEF23250FB3DE0075F921 /* CommunitiesViewController.swift in Sources */ = {isa = PBXBuildFile; fileRef = 4ECCEF22250FB3DE0075F921 /* CommunitiesViewController.swift */; };
		4ECCEF25250FB3E50075F921 /* CommunitiesModel.swift in Sources */ = {isa = PBXBuildFile; fileRef = 4ECCEF24250FB3E50075F921 /* CommunitiesModel.swift */; };
		4ECCEF27250FB62F0075F921 /* LemmyApiStructs+Community.swift in Sources */ = {isa = PBXBuildFile; fileRef = 4ECCEF26250FB62F0075F921 /* LemmyApiStructs+Community.swift */; };
		4ECCEF29250FB8260075F921 /* CommunityRequests.swift in Sources */ = {isa = PBXBuildFile; fileRef = 4ECCEF28250FB8260075F921 /* CommunityRequests.swift */; };
		4ECCEF2B250FF56A0075F921 /* CommunityPreviewTableCell.swift in Sources */ = {isa = PBXBuildFile; fileRef = 4ECCEF2A250FF56A0075F921 /* CommunityPreviewTableCell.swift */; };
		4ECCEF2F251253B00075F921 /* LemmySearchBarController.swift in Sources */ = {isa = PBXBuildFile; fileRef = 4ECCEF2E251253B00075F921 /* LemmySearchBarController.swift */; };
		4ECCEF31251F24AD0075F921 /* LemmyFrontPageNavBar.swift in Sources */ = {isa = PBXBuildFile; fileRef = 4ECCEF30251F24AD0075F921 /* LemmyFrontPageNavBar.swift */; };
		4ECCEF33251F27170075F921 /* LemmyProfileIconView.swift in Sources */ = {isa = PBXBuildFile; fileRef = 4ECCEF32251F27170075F921 /* LemmyProfileIconView.swift */; };
		921D5D41A20BF0BD95B03486 /* Pods_Lemmy_iOS.framework in Frameworks */ = {isa = PBXBuildFile; fileRef = B936F2A371355A780B2B5D1D /* Pods_Lemmy_iOS.framework */; };
/* End PBXBuildFile section */

/* Begin PBXContainerItemProxy section */
		4ECCEEC0250B8B6F0075F921 /* PBXContainerItemProxy */ = {
			isa = PBXContainerItemProxy;
			containerPortal = 4ECCEE9E250B8B6B0075F921 /* Project object */;
			proxyType = 1;
			remoteGlobalIDString = 4ECCEEA5250B8B6B0075F921;
			remoteInfo = "Lemmy-iOS";
		};
		4ECCEECB250B8B6F0075F921 /* PBXContainerItemProxy */ = {
			isa = PBXContainerItemProxy;
			containerPortal = 4ECCEE9E250B8B6B0075F921 /* Project object */;
			proxyType = 1;
			remoteGlobalIDString = 4ECCEEA5250B8B6B0075F921;
			remoteInfo = "Lemmy-iOS";
		};
/* End PBXContainerItemProxy section */

/* Begin PBXFileReference section */
		4E106F5C25273A0C009EABDA /* CommentTreeTableCell.swift */ = {isa = PBXFileReference; lastKnownFileType = sourcecode.swift; path = CommentTreeTableCell.swift; sourceTree = "<group>"; };
		4E106F6425274325009EABDA /* PostScreenModel.swift */ = {isa = PBXFileReference; lastKnownFileType = sourcecode.swift; path = PostScreenModel.swift; sourceTree = "<group>"; };
		4E10704A2534756B009EABDA /* Protocols.swift */ = {isa = PBXFileReference; lastKnownFileType = sourcecode.swift; path = Protocols.swift; sourceTree = "<group>"; };
		4E107052253476EE009EABDA /* PostsFrontPageViewController.swift */ = {isa = PBXFileReference; lastKnownFileType = sourcecode.swift; path = PostsFrontPageViewController.swift; sourceTree = "<group>"; };
		4E10705A253476FC009EABDA /* PostsFrontPageModel.swift */ = {isa = PBXFileReference; lastKnownFileType = sourcecode.swift; path = PostsFrontPageModel.swift; sourceTree = "<group>"; };
		4E10705F2534770B009EABDA /* CommentsFrontPageViewController.swift */ = {isa = PBXFileReference; lastKnownFileType = sourcecode.swift; path = CommentsFrontPageViewController.swift; sourceTree = "<group>"; };
		4E1070642534771C009EABDA /* CommentsFrontPageModel.swift */ = {isa = PBXFileReference; lastKnownFileType = sourcecode.swift; path = CommentsFrontPageModel.swift; sourceTree = "<group>"; };
		4E10706A253477C1009EABDA /* LemmyUITableView.swift */ = {isa = PBXFileReference; lastKnownFileType = sourcecode.swift; path = LemmyUITableView.swift; sourceTree = "<group>"; };
		4E1070702534E96F009EABDA /* CreatePostOrCommunityViewController.swift */ = {isa = PBXFileReference; lastKnownFileType = sourcecode.swift; path = CreatePostOrCommunityViewController.swift; sourceTree = "<group>"; };
		4E1070782534E97E009EABDA /* CreatePostOrCommunityCoordinator.swift */ = {isa = PBXFileReference; lastKnownFileType = sourcecode.swift; path = CreatePostOrCommunityCoordinator.swift; sourceTree = "<group>"; };
		4E10707D2534F5EC009EABDA /* LemmyCheckLogin.swift */ = {isa = PBXFileReference; lastKnownFileType = sourcecode.swift; path = LemmyCheckLogin.swift; sourceTree = "<group>"; };
		4E10708D2534F7A7009EABDA /* LoginData.swift */ = {isa = PBXFileReference; lastKnownFileType = sourcecode.swift; path = LoginData.swift; sourceTree = "<group>"; };
		4E107092253500DA009EABDA /* LemmyApiStructs+User.swift */ = {isa = PBXFileReference; lastKnownFileType = sourcecode.swift; path = "LemmyApiStructs+User.swift"; sourceTree = "<group>"; };
		4E1070972535DF4F009EABDA /* LemmyShareData.swift */ = {isa = PBXFileReference; lastKnownFileType = sourcecode.swift; path = LemmyShareData.swift; sourceTree = "<group>"; };
		4E10709C25361846009EABDA /* SignInView.swift */ = {isa = PBXFileReference; lastKnownFileType = sourcecode.swift; path = SignInView.swift; sourceTree = "<group>"; };
		4E886C16253626950076B162 /* SignUpView.swift */ = {isa = PBXFileReference; lastKnownFileType = sourcecode.swift; path = SignUpView.swift; sourceTree = "<group>"; };
		4E886C1B25364DD70076B162 /* AuthRequests.swift */ = {isa = PBXFileReference; lastKnownFileType = sourcecode.swift; path = AuthRequests.swift; sourceTree = "<group>"; };
		4E886C2025364EC30076B162 /* UserRequests.swift */ = {isa = PBXFileReference; lastKnownFileType = sourcecode.swift; path = UserRequests.swift; sourceTree = "<group>"; };
		4E886C25253744AB0076B162 /* LemmyApiStructs+Auth.swift */ = {isa = PBXFileReference; lastKnownFileType = sourcecode.swift; path = "LemmyApiStructs+Auth.swift"; sourceTree = "<group>"; };
		4E886C2A253758A30076B162 /* LemmyApiStructs+Site.swift */ = {isa = PBXFileReference; lastKnownFileType = sourcecode.swift; path = "LemmyApiStructs+Site.swift"; sourceTree = "<group>"; };
		4E886C2F2537598F0076B162 /* SiteRequests.swift */ = {isa = PBXFileReference; lastKnownFileType = sourcecode.swift; path = SiteRequests.swift; sourceTree = "<group>"; };
		4E886C35253872D10076B162 /* SignUpModel.swift */ = {isa = PBXFileReference; lastKnownFileType = sourcecode.swift; path = SignUpModel.swift; sourceTree = "<group>"; };
		4E886C3A2538BE830076B162 /* LemmyTextWithSwitch.swift */ = {isa = PBXFileReference; lastKnownFileType = sourcecode.swift; path = LemmyTextWithSwitch.swift; sourceTree = "<group>"; };
		4E886C412538C3540076B162 /* Config.swift */ = {isa = PBXFileReference; lastKnownFileType = sourcecode.swift; path = Config.swift; sourceTree = "<group>"; };
		4EB89AF7251F47A7007129BF /* PostScreenViewController.swift */ = {isa = PBXFileReference; lastKnownFileType = sourcecode.swift; path = PostScreenViewController.swift; sourceTree = "<group>"; };
		4EB89AFF251F4882007129BF /* PostScreenUI.swift */ = {isa = PBXFileReference; lastKnownFileType = sourcecode.swift; path = PostScreenUI.swift; sourceTree = "<group>"; };
		4EB89B042521EAA6007129BF /* LemmyGreenOutlinePostDescription.swift */ = {isa = PBXFileReference; lastKnownFileType = sourcecode.swift; path = LemmyGreenOutlinePostDescription.swift; sourceTree = "<group>"; };
		4EB89B092521FA73007129BF /* LoginOrRegisterButton.swift */ = {isa = PBXFileReference; lastKnownFileType = sourcecode.swift; path = LoginOrRegisterButton.swift; sourceTree = "<group>"; };
		4EB89B2F2521FDBE007129BF /* LemmyLinkedClickableUILabel.swift */ = {isa = PBXFileReference; lastKnownFileType = sourcecode.swift; path = LemmyLinkedClickableUILabel.swift; sourceTree = "<group>"; };
		4EB89B3425220B81007129BF /* LemmyCommentView.swift */ = {isa = PBXFileReference; lastKnownFileType = sourcecode.swift; path = LemmyCommentView.swift; sourceTree = "<group>"; };
		4EB89B3A25220DC6007129BF /* CommentListingSort.swift */ = {isa = PBXFileReference; lastKnownFileType = sourcecode.swift; path = CommentListingSort.swift; sourceTree = "<group>"; };
		4ECCEEA6250B8B6B0075F921 /* Lemmy-iOS.app */ = {isa = PBXFileReference; explicitFileType = wrapper.application; includeInIndex = 0; path = "Lemmy-iOS.app"; sourceTree = BUILT_PRODUCTS_DIR; };
		4ECCEEA9250B8B6B0075F921 /* AppDelegate.swift */ = {isa = PBXFileReference; lastKnownFileType = sourcecode.swift; path = AppDelegate.swift; sourceTree = "<group>"; };
		4ECCEEAB250B8B6B0075F921 /* SceneDelegate.swift */ = {isa = PBXFileReference; lastKnownFileType = sourcecode.swift; path = SceneDelegate.swift; sourceTree = "<group>"; };
		4ECCEEAD250B8B6B0075F921 /* LoginViewController.swift */ = {isa = PBXFileReference; lastKnownFileType = sourcecode.swift; path = LoginViewController.swift; sourceTree = "<group>"; };
		4ECCEEB3250B8B6B0075F921 /* Lemmy_iOS.xcdatamodel */ = {isa = PBXFileReference; lastKnownFileType = wrapper.xcdatamodel; path = Lemmy_iOS.xcdatamodel; sourceTree = "<group>"; };
		4ECCEEB5250B8B6E0075F921 /* Assets.xcassets */ = {isa = PBXFileReference; lastKnownFileType = folder.assetcatalog; path = Assets.xcassets; sourceTree = "<group>"; };
		4ECCEEB8250B8B6E0075F921 /* Base */ = {isa = PBXFileReference; lastKnownFileType = file.storyboard; name = Base; path = Base.lproj/LaunchScreen.storyboard; sourceTree = "<group>"; };
		4ECCEEBA250B8B6E0075F921 /* Info.plist */ = {isa = PBXFileReference; lastKnownFileType = text.plist.xml; path = Info.plist; sourceTree = "<group>"; };
		4ECCEEBF250B8B6F0075F921 /* Lemmy-iOSTests.xctest */ = {isa = PBXFileReference; explicitFileType = wrapper.cfbundle; includeInIndex = 0; path = "Lemmy-iOSTests.xctest"; sourceTree = BUILT_PRODUCTS_DIR; };
		4ECCEEC3250B8B6F0075F921 /* Lemmy_iOSTests.swift */ = {isa = PBXFileReference; lastKnownFileType = sourcecode.swift; path = Lemmy_iOSTests.swift; sourceTree = "<group>"; };
		4ECCEEC5250B8B6F0075F921 /* Info.plist */ = {isa = PBXFileReference; lastKnownFileType = text.plist.xml; path = Info.plist; sourceTree = "<group>"; };
		4ECCEECA250B8B6F0075F921 /* Lemmy-iOSUITests.xctest */ = {isa = PBXFileReference; explicitFileType = wrapper.cfbundle; includeInIndex = 0; path = "Lemmy-iOSUITests.xctest"; sourceTree = BUILT_PRODUCTS_DIR; };
		4ECCEECE250B8B6F0075F921 /* Lemmy_iOSUITests.swift */ = {isa = PBXFileReference; lastKnownFileType = sourcecode.swift; path = Lemmy_iOSUITests.swift; sourceTree = "<group>"; };
		4ECCEED0250B8B6F0075F921 /* Info.plist */ = {isa = PBXFileReference; lastKnownFileType = text.plist.xml; path = Info.plist; sourceTree = "<group>"; };
		4ECCEEDC250B8D930075F921 /* AppCoordinator.swift */ = {isa = PBXFileReference; lastKnownFileType = sourcecode.swift; path = AppCoordinator.swift; sourceTree = "<group>"; };
		4ECCEEDF250B8DEE0075F921 /* Coordinator.swift */ = {isa = PBXFileReference; lastKnownFileType = sourcecode.swift; path = Coordinator.swift; sourceTree = "<group>"; };
		4ECCEEE6250B8FA80075F921 /* AuthCoordinator.swift */ = {isa = PBXFileReference; lastKnownFileType = sourcecode.swift; path = AuthCoordinator.swift; sourceTree = "<group>"; };
		4ECCEEE9250BA6230075F921 /* WSLemmy.swift */ = {isa = PBXFileReference; lastKnownFileType = sourcecode.swift; path = WSLemmy.swift; sourceTree = "<group>"; };
		4ECCEEEC250BE8870075F921 /* FrontPageViewController.swift */ = {isa = PBXFileReference; lastKnownFileType = sourcecode.swift; path = FrontPageViewController.swift; sourceTree = "<group>"; };
		4ECCEEEE250BE89B0075F921 /* FrontPageCoordinator.swift */ = {isa = PBXFileReference; lastKnownFileType = sourcecode.swift; path = FrontPageCoordinator.swift; sourceTree = "<group>"; };
		4ECCEEF1250C03A40075F921 /* LemmyTabBarCoordinator.swift */ = {isa = PBXFileReference; lastKnownFileType = sourcecode.swift; path = LemmyTabBarCoordinator.swift; sourceTree = "<group>"; };
		4ECCEEF3250C04280075F921 /* LemmyTabBarController.swift */ = {isa = PBXFileReference; lastKnownFileType = sourcecode.swift; path = LemmyTabBarController.swift; sourceTree = "<group>"; };
		4ECCEEFD250CA30E0075F921 /* FrontPageHeaderCell.swift */ = {isa = PBXFileReference; lastKnownFileType = sourcecode.swift; path = FrontPageHeaderCell.swift; sourceTree = "<group>"; };
		4ECCEF02250CB4E00075F921 /* LemmyApiStructs.swift */ = {isa = PBXFileReference; lastKnownFileType = sourcecode.swift; path = LemmyApiStructs.swift; sourceTree = "<group>"; };
		4ECCEF05250CC3330075F921 /* ApiManager.swift */ = {isa = PBXFileReference; lastKnownFileType = sourcecode.swift; path = ApiManager.swift; sourceTree = "<group>"; };
		4ECCEF08250CC3A60075F921 /* RequestsManager.swift */ = {isa = PBXFileReference; lastKnownFileType = sourcecode.swift; path = RequestsManager.swift; sourceTree = "<group>"; };
		4ECCEF0B250CCD3E0075F921 /* PostRequests.swift */ = {isa = PBXFileReference; lastKnownFileType = sourcecode.swift; path = PostRequests.swift; sourceTree = "<group>"; };
		4ECCEF0D250CDA5A0075F921 /* LemmyApiStructs+Post.swift */ = {isa = PBXFileReference; lastKnownFileType = sourcecode.swift; path = "LemmyApiStructs+Post.swift"; sourceTree = "<group>"; };
		4ECCEF12250CF0290075F921 /* PostContentTableCell.swift */ = {isa = PBXFileReference; lastKnownFileType = sourcecode.swift; path = PostContentTableCell.swift; sourceTree = "<group>"; };
		4ECCEF15250D2D9F0075F921 /* Extensions.swift */ = {isa = PBXFileReference; lastKnownFileType = sourcecode.swift; path = Extensions.swift; sourceTree = "<group>"; };
		4ECCEF19250D62580075F921 /* LemmyApiStructs+Comment.swift */ = {isa = PBXFileReference; lastKnownFileType = sourcecode.swift; path = "LemmyApiStructs+Comment.swift"; sourceTree = "<group>"; };
		4ECCEF1C250D63BE0075F921 /* CommentRequests.swift */ = {isa = PBXFileReference; lastKnownFileType = sourcecode.swift; path = CommentRequests.swift; sourceTree = "<group>"; };
		4ECCEF1E250DFBC90075F921 /* CommentContentTableCell.swift */ = {isa = PBXFileReference; lastKnownFileType = sourcecode.swift; path = CommentContentTableCell.swift; sourceTree = "<group>"; };
		4ECCEF20250FB3D40075F921 /* CommunitiesCoordinator.swift */ = {isa = PBXFileReference; lastKnownFileType = sourcecode.swift; path = CommunitiesCoordinator.swift; sourceTree = "<group>"; };
		4ECCEF22250FB3DE0075F921 /* CommunitiesViewController.swift */ = {isa = PBXFileReference; lastKnownFileType = sourcecode.swift; path = CommunitiesViewController.swift; sourceTree = "<group>"; };
		4ECCEF24250FB3E50075F921 /* CommunitiesModel.swift */ = {isa = PBXFileReference; lastKnownFileType = sourcecode.swift; path = CommunitiesModel.swift; sourceTree = "<group>"; };
		4ECCEF26250FB62F0075F921 /* LemmyApiStructs+Community.swift */ = {isa = PBXFileReference; lastKnownFileType = sourcecode.swift; path = "LemmyApiStructs+Community.swift"; sourceTree = "<group>"; };
		4ECCEF28250FB8260075F921 /* CommunityRequests.swift */ = {isa = PBXFileReference; lastKnownFileType = sourcecode.swift; path = CommunityRequests.swift; sourceTree = "<group>"; };
		4ECCEF2A250FF56A0075F921 /* CommunityPreviewTableCell.swift */ = {isa = PBXFileReference; lastKnownFileType = sourcecode.swift; path = CommunityPreviewTableCell.swift; sourceTree = "<group>"; };
		4ECCEF2E251253B00075F921 /* LemmySearchBarController.swift */ = {isa = PBXFileReference; lastKnownFileType = sourcecode.swift; path = LemmySearchBarController.swift; sourceTree = "<group>"; };
		4ECCEF30251F24AD0075F921 /* LemmyFrontPageNavBar.swift */ = {isa = PBXFileReference; lastKnownFileType = sourcecode.swift; path = LemmyFrontPageNavBar.swift; sourceTree = "<group>"; };
		4ECCEF32251F27170075F921 /* LemmyProfileIconView.swift */ = {isa = PBXFileReference; lastKnownFileType = sourcecode.swift; path = LemmyProfileIconView.swift; sourceTree = "<group>"; };
		AF9E5291792018DE1B6050FA /* Pods-Lemmy-iOS.release.xcconfig */ = {isa = PBXFileReference; includeInIndex = 1; lastKnownFileType = text.xcconfig; name = "Pods-Lemmy-iOS.release.xcconfig"; path = "Target Support Files/Pods-Lemmy-iOS/Pods-Lemmy-iOS.release.xcconfig"; sourceTree = "<group>"; };
		B936F2A371355A780B2B5D1D /* Pods_Lemmy_iOS.framework */ = {isa = PBXFileReference; explicitFileType = wrapper.framework; includeInIndex = 0; path = Pods_Lemmy_iOS.framework; sourceTree = BUILT_PRODUCTS_DIR; };
		F8130B334E7F53B10E26E71F /* Pods-Lemmy-iOS.debug.xcconfig */ = {isa = PBXFileReference; includeInIndex = 1; lastKnownFileType = text.xcconfig; name = "Pods-Lemmy-iOS.debug.xcconfig"; path = "Target Support Files/Pods-Lemmy-iOS/Pods-Lemmy-iOS.debug.xcconfig"; sourceTree = "<group>"; };
/* End PBXFileReference section */

/* Begin PBXFrameworksBuildPhase section */
		4ECCEEA3250B8B6B0075F921 /* Frameworks */ = {
			isa = PBXFrameworksBuildPhase;
			buildActionMask = 2147483647;
			files = (
				4E1070842534F742009EABDA /* KeychainSwift in Frameworks */,
				921D5D41A20BF0BD95B03486 /* Pods_Lemmy_iOS.framework in Frameworks */,
				4ECCEEFB250C13240075F921 /* SnapKit in Frameworks */,
			);
			runOnlyForDeploymentPostprocessing = 0;
		};
		4ECCEEBC250B8B6F0075F921 /* Frameworks */ = {
			isa = PBXFrameworksBuildPhase;
			buildActionMask = 2147483647;
			files = (
			);
			runOnlyForDeploymentPostprocessing = 0;
		};
		4ECCEEC7250B8B6F0075F921 /* Frameworks */ = {
			isa = PBXFrameworksBuildPhase;
			buildActionMask = 2147483647;
			files = (
			);
			runOnlyForDeploymentPostprocessing = 0;
		};
/* End PBXFrameworksBuildPhase section */

/* Begin PBXGroup section */
		4E10704F253476C7009EABDA /* Posts */ = {
			isa = PBXGroup;
			children = (
				4E107052253476EE009EABDA /* PostsFrontPageViewController.swift */,
				4E10705A253476FC009EABDA /* PostsFrontPageModel.swift */,
			);
			path = Posts;
			sourceTree = "<group>";
		};
		4E107051253476D4009EABDA /* Comments */ = {
			isa = PBXGroup;
			children = (
				4E10705F2534770B009EABDA /* CommentsFrontPageViewController.swift */,
				4E1070642534771C009EABDA /* CommentsFrontPageModel.swift */,
			);
			path = Comments;
			sourceTree = "<group>";
		};
		4E10706925347780009EABDA /* BaseViews */ = {
			isa = PBXGroup;
			children = (
				4E10706A253477C1009EABDA /* LemmyUITableView.swift */,
			);
			path = BaseViews;
			sourceTree = "<group>";
		};
		4E10706F2534E942009EABDA /* CreatePostOrCommunity */ = {
			isa = PBXGroup;
			children = (
				4E1070702534E96F009EABDA /* CreatePostOrCommunityViewController.swift */,
				4E1070782534E97E009EABDA /* CreatePostOrCommunityCoordinator.swift */,
			);
			path = CreatePostOrCommunity;
			sourceTree = "<group>";
		};
		4E1070882534F78D009EABDA /* Core */ = {
			isa = PBXGroup;
			children = (
				4E886C402538C3490076B162 /* Settings */,
				4E10708C2534F79D009EABDA /* Data */,
				4ECCEEE8250BA6040075F921 /* Networking */,
			);
			path = Core;
			sourceTree = "<group>";
		};
		4E10708C2534F79D009EABDA /* Data */ = {
			isa = PBXGroup;
			children = (
				4E10708D2534F7A7009EABDA /* LoginData.swift */,
				4E1070972535DF4F009EABDA /* LemmyShareData.swift */,
			);
			path = Data;
			sourceTree = "<group>";
		};
		4E886C34253872B90076B162 /* SignUp */ = {
			isa = PBXGroup;
			children = (
				4E886C16253626950076B162 /* SignUpView.swift */,
				4E886C35253872D10076B162 /* SignUpModel.swift */,
			);
			path = SignUp;
			sourceTree = "<group>";
		};
		4E886C402538C3490076B162 /* Settings */ = {
			isa = PBXGroup;
			children = (
				4E886C412538C3540076B162 /* Config.swift */,
			);
			path = Settings;
			sourceTree = "<group>";
		};
		4EB89AF5251F4783007129BF /* Screens */ = {
			isa = PBXGroup;
			children = (
				4EB89AF6251F478F007129BF /* PostScreen */,
			);
			path = Screens;
			sourceTree = "<group>";
		};
		4EB89AF6251F478F007129BF /* PostScreen */ = {
			isa = PBXGroup;
			children = (
				4EB89AF7251F47A7007129BF /* PostScreenViewController.swift */,
				4EB89AFF251F4882007129BF /* PostScreenUI.swift */,
				4E106F6425274325009EABDA /* PostScreenModel.swift */,
			);
			path = PostScreen;
			sourceTree = "<group>";
		};
		4EB89B3925220DB0007129BF /* Logic */ = {
			isa = PBXGroup;
			children = (
				4EB89B3A25220DC6007129BF /* CommentListingSort.swift */,
			);
			path = Logic;
			sourceTree = "<group>";
		};
		4ECCEE9D250B8B6B0075F921 = {
			isa = PBXGroup;
			children = (
				4ECCEEA8250B8B6B0075F921 /* Lemmy-iOS */,
				4ECCEEC2250B8B6F0075F921 /* Lemmy-iOSTests */,
				4ECCEECD250B8B6F0075F921 /* Lemmy-iOSUITests */,
				4ECCEEA7250B8B6B0075F921 /* Products */,
				9295FD3B10BE5390706449EA /* Pods */,
				750E6997D470E00BE92AFA4E /* Frameworks */,
			);
			sourceTree = "<group>";
		};
		4ECCEEA7250B8B6B0075F921 /* Products */ = {
			isa = PBXGroup;
			children = (
				4ECCEEA6250B8B6B0075F921 /* Lemmy-iOS.app */,
				4ECCEEBF250B8B6F0075F921 /* Lemmy-iOSTests.xctest */,
				4ECCEECA250B8B6F0075F921 /* Lemmy-iOSUITests.xctest */,
			);
			name = Products;
			sourceTree = "<group>";
		};
		4ECCEEA8250B8B6B0075F921 /* Lemmy-iOS */ = {
			isa = PBXGroup;
			children = (
				4ECCEEE1250B8E1C0075F921 /* App */,
				4ECCEEE2250B8F4A0075F921 /* Features */,
				4E1070882534F78D009EABDA /* Core */,
				4ECCEEDE250B8DDF0075F921 /* Base */,
				4ECCEEB5250B8B6E0075F921 /* Assets.xcassets */,
				4ECCEEB7250B8B6E0075F921 /* LaunchScreen.storyboard */,
				4ECCEEBA250B8B6E0075F921 /* Info.plist */,
				4ECCEEB2250B8B6B0075F921 /* Lemmy_iOS.xcdatamodeld */,
			);
			path = "Lemmy-iOS";
			sourceTree = "<group>";
		};
		4ECCEEC2250B8B6F0075F921 /* Lemmy-iOSTests */ = {
			isa = PBXGroup;
			children = (
				4ECCEEC3250B8B6F0075F921 /* Lemmy_iOSTests.swift */,
				4ECCEEC5250B8B6F0075F921 /* Info.plist */,
			);
			path = "Lemmy-iOSTests";
			sourceTree = "<group>";
		};
		4ECCEECD250B8B6F0075F921 /* Lemmy-iOSUITests */ = {
			isa = PBXGroup;
			children = (
				4ECCEECE250B8B6F0075F921 /* Lemmy_iOSUITests.swift */,
				4ECCEED0250B8B6F0075F921 /* Info.plist */,
			);
			path = "Lemmy-iOSUITests";
			sourceTree = "<group>";
		};
		4ECCEEDE250B8DDF0075F921 /* Base */ = {
			isa = PBXGroup;
			children = (
				4E10706925347780009EABDA /* BaseViews */,
				4EB89B3925220DB0007129BF /* Logic */,
				4ECCEF2C2512535F0075F921 /* CustomViews */,
				4ECCEF0F250CEFF80075F921 /* Cells */,
				4ECCEEDF250B8DEE0075F921 /* Coordinator.swift */,
				4ECCEF15250D2D9F0075F921 /* Extensions.swift */,
				4E10704A2534756B009EABDA /* Protocols.swift */,
			);
			path = Base;
			sourceTree = "<group>";
		};
		4ECCEEE1250B8E1C0075F921 /* App */ = {
			isa = PBXGroup;
			children = (
				4ECCEEA9250B8B6B0075F921 /* AppDelegate.swift */,
				4ECCEEAB250B8B6B0075F921 /* SceneDelegate.swift */,
				4ECCEEDC250B8D930075F921 /* AppCoordinator.swift */,
			);
			path = App;
			sourceTree = "<group>";
		};
		4ECCEEE2250B8F4A0075F921 /* Features */ = {
			isa = PBXGroup;
			children = (
				4E10706F2534E942009EABDA /* CreatePostOrCommunity */,
				4EB89AF5251F4783007129BF /* Screens */,
				4ECCEEF5250C0E230075F921 /* Communities */,
				4ECCEEEB250BE85B0075F921 /* FrontPage */,
				4ECCEEE3250B8F690075F921 /* Auth */,
				4ECCEEF0250C03910075F921 /* LemmyTabBar */,
			);
			path = Features;
			sourceTree = "<group>";
		};
		4ECCEEE3250B8F690075F921 /* Auth */ = {
			isa = PBXGroup;
			children = (
				4E886C34253872B90076B162 /* SignUp */,
				4E10709C25361846009EABDA /* SignInView.swift */,
				4ECCEEAD250B8B6B0075F921 /* LoginViewController.swift */,
				4ECCEEE6250B8FA80075F921 /* AuthCoordinator.swift */,
			);
			path = Auth;
			sourceTree = "<group>";
		};
		4ECCEEE8250BA6040075F921 /* Networking */ = {
			isa = PBXGroup;
			children = (
				4ECCEF05250CC3330075F921 /* ApiManager.swift */,
				4ECCEF0A250CCD2E0075F921 /* Requests */,
				4ECCEF07250CC39A0075F921 /* Objects */,
				4ECCEF01250CB4BB0075F921 /* ApiStructs */,
				4ECCEEE9250BA6230075F921 /* WSLemmy.swift */,
			);
			path = Networking;
			sourceTree = "<group>";
		};
		4ECCEEEB250BE85B0075F921 /* FrontPage */ = {
			isa = PBXGroup;
			children = (
				4E107051253476D4009EABDA /* Comments */,
				4E10704F253476C7009EABDA /* Posts */,
				4ECCEEFC250C151A0075F921 /* cells */,
				4ECCEEEC250BE8870075F921 /* FrontPageViewController.swift */,
				4ECCEEEE250BE89B0075F921 /* FrontPageCoordinator.swift */,
			);
			path = FrontPage;
			sourceTree = "<group>";
		};
		4ECCEEF0250C03910075F921 /* LemmyTabBar */ = {
			isa = PBXGroup;
			children = (
				4ECCEEF1250C03A40075F921 /* LemmyTabBarCoordinator.swift */,
				4ECCEEF3250C04280075F921 /* LemmyTabBarController.swift */,
			);
			path = LemmyTabBar;
			sourceTree = "<group>";
		};
		4ECCEEF5250C0E230075F921 /* Communities */ = {
			isa = PBXGroup;
			children = (
				4ECCEF24250FB3E50075F921 /* CommunitiesModel.swift */,
				4ECCEF22250FB3DE0075F921 /* CommunitiesViewController.swift */,
				4ECCEF20250FB3D40075F921 /* CommunitiesCoordinator.swift */,
			);
			path = Communities;
			sourceTree = "<group>";
		};
		4ECCEEFC250C151A0075F921 /* cells */ = {
			isa = PBXGroup;
			children = (
				4ECCEEFD250CA30E0075F921 /* FrontPageHeaderCell.swift */,
			);
			path = cells;
			sourceTree = "<group>";
		};
		4ECCEF01250CB4BB0075F921 /* ApiStructs */ = {
			isa = PBXGroup;
			children = (
				4ECCEF02250CB4E00075F921 /* LemmyApiStructs.swift */,
				4ECCEF0D250CDA5A0075F921 /* LemmyApiStructs+Post.swift */,
				4ECCEF19250D62580075F921 /* LemmyApiStructs+Comment.swift */,
				4ECCEF26250FB62F0075F921 /* LemmyApiStructs+Community.swift */,
				4E107092253500DA009EABDA /* LemmyApiStructs+User.swift */,
				4E886C25253744AB0076B162 /* LemmyApiStructs+Auth.swift */,
				4E886C2A253758A30076B162 /* LemmyApiStructs+Site.swift */,
			);
			path = ApiStructs;
			sourceTree = "<group>";
		};
		4ECCEF07250CC39A0075F921 /* Objects */ = {
			isa = PBXGroup;
			children = (
				4ECCEF08250CC3A60075F921 /* RequestsManager.swift */,
			);
			path = Objects;
			sourceTree = "<group>";
		};
		4ECCEF0A250CCD2E0075F921 /* Requests */ = {
			isa = PBXGroup;
			children = (
				4ECCEF0B250CCD3E0075F921 /* PostRequests.swift */,
				4ECCEF1C250D63BE0075F921 /* CommentRequests.swift */,
				4ECCEF28250FB8260075F921 /* CommunityRequests.swift */,
				4E886C1B25364DD70076B162 /* AuthRequests.swift */,
				4E886C2025364EC30076B162 /* UserRequests.swift */,
				4E886C2F2537598F0076B162 /* SiteRequests.swift */,
			);
			path = Requests;
			sourceTree = "<group>";
		};
		4ECCEF0F250CEFF80075F921 /* Cells */ = {
			isa = PBXGroup;
			children = (
				4ECCEF12250CF0290075F921 /* PostContentTableCell.swift */,
				4ECCEF1E250DFBC90075F921 /* CommentContentTableCell.swift */,
				4E106F5C25273A0C009EABDA /* CommentTreeTableCell.swift */,
				4ECCEF2A250FF56A0075F921 /* CommunityPreviewTableCell.swift */,
			);
			path = Cells;
			sourceTree = "<group>";
		};
		4ECCEF2C2512535F0075F921 /* CustomViews */ = {
			isa = PBXGroup;
			children = (
				4ECCEF2D251253680075F921 /* SearchBar */,
				4ECCEF30251F24AD0075F921 /* LemmyFrontPageNavBar.swift */,
				4ECCEF32251F27170075F921 /* LemmyProfileIconView.swift */,
				4EB89B042521EAA6007129BF /* LemmyGreenOutlinePostDescription.swift */,
				4EB89B092521FA73007129BF /* LoginOrRegisterButton.swift */,
				4EB89B2F2521FDBE007129BF /* LemmyLinkedClickableUILabel.swift */,
				4EB89B3425220B81007129BF /* LemmyCommentView.swift */,
				4E10707D2534F5EC009EABDA /* LemmyCheckLogin.swift */,
				4E886C3A2538BE830076B162 /* LemmyTextWithSwitch.swift */,
			);
			path = CustomViews;
			sourceTree = "<group>";
		};
		4ECCEF2D251253680075F921 /* SearchBar */ = {
			isa = PBXGroup;
			children = (
				4ECCEF2E251253B00075F921 /* LemmySearchBarController.swift */,
			);
			path = SearchBar;
			sourceTree = "<group>";
		};
		750E6997D470E00BE92AFA4E /* Frameworks */ = {
			isa = PBXGroup;
			children = (
				B936F2A371355A780B2B5D1D /* Pods_Lemmy_iOS.framework */,
			);
			name = Frameworks;
			sourceTree = "<group>";
		};
		9295FD3B10BE5390706449EA /* Pods */ = {
			isa = PBXGroup;
			children = (
				F8130B334E7F53B10E26E71F /* Pods-Lemmy-iOS.debug.xcconfig */,
				AF9E5291792018DE1B6050FA /* Pods-Lemmy-iOS.release.xcconfig */,
			);
			path = Pods;
			sourceTree = "<group>";
		};
/* End PBXGroup section */

/* Begin PBXNativeTarget section */
		4ECCEEA5250B8B6B0075F921 /* Lemmy-iOS */ = {
			isa = PBXNativeTarget;
			buildConfigurationList = 4ECCEED3250B8B6F0075F921 /* Build configuration list for PBXNativeTarget "Lemmy-iOS" */;
			buildPhases = (
				A16D6AA48269C83E850CEE76 /* [CP] Check Pods Manifest.lock */,
				4ECCEEA2250B8B6B0075F921 /* Sources */,
				4ECCEEA3250B8B6B0075F921 /* Frameworks */,
				4ECCEEA4250B8B6B0075F921 /* Resources */,
				E11AFFA1835005D5587B3DED /* [CP] Embed Pods Frameworks */,
			);
			buildRules = (
			);
			dependencies = (
			);
			name = "Lemmy-iOS";
			packageProductDependencies = (
				4ECCEEFA250C13240075F921 /* SnapKit */,
				4E1070832534F742009EABDA /* KeychainSwift */,
			);
			productName = "Lemmy-iOS";
			productReference = 4ECCEEA6250B8B6B0075F921 /* Lemmy-iOS.app */;
			productType = "com.apple.product-type.application";
		};
		4ECCEEBE250B8B6F0075F921 /* Lemmy-iOSTests */ = {
			isa = PBXNativeTarget;
			buildConfigurationList = 4ECCEED6250B8B6F0075F921 /* Build configuration list for PBXNativeTarget "Lemmy-iOSTests" */;
			buildPhases = (
				4ECCEEBB250B8B6F0075F921 /* Sources */,
				4ECCEEBC250B8B6F0075F921 /* Frameworks */,
				4ECCEEBD250B8B6F0075F921 /* Resources */,
			);
			buildRules = (
			);
			dependencies = (
				4ECCEEC1250B8B6F0075F921 /* PBXTargetDependency */,
			);
			name = "Lemmy-iOSTests";
			productName = "Lemmy-iOSTests";
			productReference = 4ECCEEBF250B8B6F0075F921 /* Lemmy-iOSTests.xctest */;
			productType = "com.apple.product-type.bundle.unit-test";
		};
		4ECCEEC9250B8B6F0075F921 /* Lemmy-iOSUITests */ = {
			isa = PBXNativeTarget;
			buildConfigurationList = 4ECCEED9250B8B6F0075F921 /* Build configuration list for PBXNativeTarget "Lemmy-iOSUITests" */;
			buildPhases = (
				4ECCEEC6250B8B6F0075F921 /* Sources */,
				4ECCEEC7250B8B6F0075F921 /* Frameworks */,
				4ECCEEC8250B8B6F0075F921 /* Resources */,
			);
			buildRules = (
			);
			dependencies = (
				4ECCEECC250B8B6F0075F921 /* PBXTargetDependency */,
			);
			name = "Lemmy-iOSUITests";
			productName = "Lemmy-iOSUITests";
			productReference = 4ECCEECA250B8B6F0075F921 /* Lemmy-iOSUITests.xctest */;
			productType = "com.apple.product-type.bundle.ui-testing";
		};
/* End PBXNativeTarget section */

/* Begin PBXProject section */
		4ECCEE9E250B8B6B0075F921 /* Project object */ = {
			isa = PBXProject;
			attributes = {
				LastSwiftUpdateCheck = 1170;
				LastUpgradeCheck = 1170;
				ORGANIZATIONNAME = "Anton Kuzmin";
				TargetAttributes = {
					4ECCEEA5250B8B6B0075F921 = {
						CreatedOnToolsVersion = 11.7;
					};
					4ECCEEBE250B8B6F0075F921 = {
						CreatedOnToolsVersion = 11.7;
						TestTargetID = 4ECCEEA5250B8B6B0075F921;
					};
					4ECCEEC9250B8B6F0075F921 = {
						CreatedOnToolsVersion = 11.7;
						TestTargetID = 4ECCEEA5250B8B6B0075F921;
					};
				};
			};
			buildConfigurationList = 4ECCEEA1250B8B6B0075F921 /* Build configuration list for PBXProject "Lemmy-iOS" */;
			compatibilityVersion = "Xcode 9.3";
			developmentRegion = en;
			hasScannedForEncodings = 0;
			knownRegions = (
				en,
				Base,
			);
			mainGroup = 4ECCEE9D250B8B6B0075F921;
			packageReferences = (
				4ECCEEF9250C13240075F921 /* XCRemoteSwiftPackageReference "SnapKit" */,
				4E1070822534F742009EABDA /* XCRemoteSwiftPackageReference "keychain-swift" */,
			);
			productRefGroup = 4ECCEEA7250B8B6B0075F921 /* Products */;
			projectDirPath = "";
			projectRoot = "";
			targets = (
				4ECCEEA5250B8B6B0075F921 /* Lemmy-iOS */,
				4ECCEEBE250B8B6F0075F921 /* Lemmy-iOSTests */,
				4ECCEEC9250B8B6F0075F921 /* Lemmy-iOSUITests */,
			);
		};
/* End PBXProject section */

/* Begin PBXResourcesBuildPhase section */
		4ECCEEA4250B8B6B0075F921 /* Resources */ = {
			isa = PBXResourcesBuildPhase;
			buildActionMask = 2147483647;
			files = (
				4ECCEEB9250B8B6E0075F921 /* LaunchScreen.storyboard in Resources */,
				4ECCEEB6250B8B6E0075F921 /* Assets.xcassets in Resources */,
			);
			runOnlyForDeploymentPostprocessing = 0;
		};
		4ECCEEBD250B8B6F0075F921 /* Resources */ = {
			isa = PBXResourcesBuildPhase;
			buildActionMask = 2147483647;
			files = (
			);
			runOnlyForDeploymentPostprocessing = 0;
		};
		4ECCEEC8250B8B6F0075F921 /* Resources */ = {
			isa = PBXResourcesBuildPhase;
			buildActionMask = 2147483647;
			files = (
			);
			runOnlyForDeploymentPostprocessing = 0;
		};
/* End PBXResourcesBuildPhase section */

/* Begin PBXShellScriptBuildPhase section */
		A16D6AA48269C83E850CEE76 /* [CP] Check Pods Manifest.lock */ = {
			isa = PBXShellScriptBuildPhase;
			buildActionMask = 2147483647;
			files = (
			);
			inputFileListPaths = (
			);
			inputPaths = (
				"${PODS_PODFILE_DIR_PATH}/Podfile.lock",
				"${PODS_ROOT}/Manifest.lock",
			);
			name = "[CP] Check Pods Manifest.lock";
			outputFileListPaths = (
			);
			outputPaths = (
				"$(DERIVED_FILE_DIR)/Pods-Lemmy-iOS-checkManifestLockResult.txt",
			);
			runOnlyForDeploymentPostprocessing = 0;
			shellPath = /bin/sh;
			shellScript = "diff \"${PODS_PODFILE_DIR_PATH}/Podfile.lock\" \"${PODS_ROOT}/Manifest.lock\" > /dev/null\nif [ $? != 0 ] ; then\n    # print error to STDERR\n    echo \"error: The sandbox is not in sync with the Podfile.lock. Run 'pod install' or update your CocoaPods installation.\" >&2\n    exit 1\nfi\n# This output is used by Xcode 'outputs' to avoid re-running this script phase.\necho \"SUCCESS\" > \"${SCRIPT_OUTPUT_FILE_0}\"\n";
			showEnvVarsInLog = 0;
		};
		E11AFFA1835005D5587B3DED /* [CP] Embed Pods Frameworks */ = {
			isa = PBXShellScriptBuildPhase;
			buildActionMask = 2147483647;
			files = (
			);
			inputFileListPaths = (
				"${PODS_ROOT}/Target Support Files/Pods-Lemmy-iOS/Pods-Lemmy-iOS-frameworks-${CONFIGURATION}-input-files.xcfilelist",
			);
			name = "[CP] Embed Pods Frameworks";
			outputFileListPaths = (
				"${PODS_ROOT}/Target Support Files/Pods-Lemmy-iOS/Pods-Lemmy-iOS-frameworks-${CONFIGURATION}-output-files.xcfilelist",
			);
			runOnlyForDeploymentPostprocessing = 0;
			shellPath = /bin/sh;
			shellScript = "\"${PODS_ROOT}/Target Support Files/Pods-Lemmy-iOS/Pods-Lemmy-iOS-frameworks.sh\"\n";
			showEnvVarsInLog = 0;
		};
/* End PBXShellScriptBuildPhase section */

/* Begin PBXSourcesBuildPhase section */
		4ECCEEA2250B8B6B0075F921 /* Sources */ = {
			isa = PBXSourcesBuildPhase;
			buildActionMask = 2147483647;
			files = (
				4EB89B3525220B81007129BF /* LemmyCommentView.swift in Sources */,
				4ECCEF27250FB62F0075F921 /* LemmyApiStructs+Community.swift in Sources */,
				4ECCEF1A250D62580075F921 /* LemmyApiStructs+Comment.swift in Sources */,
				4ECCEF06250CC3330075F921 /* ApiManager.swift in Sources */,
				4ECCEEB4250B8B6B0075F921 /* Lemmy_iOS.xcdatamodeld in Sources */,
				4ECCEEEF250BE89B0075F921 /* FrontPageCoordinator.swift in Sources */,
				4E886C1C25364DD70076B162 /* AuthRequests.swift in Sources */,
				4EB89B302521FDBE007129BF /* LemmyLinkedClickableUILabel.swift in Sources */,
				4ECCEEAE250B8B6B0075F921 /* LoginViewController.swift in Sources */,
				4ECCEEE7250B8FA80075F921 /* AuthCoordinator.swift in Sources */,
				4ECCEEE0250B8DEE0075F921 /* Coordinator.swift in Sources */,
				4E10705B253476FC009EABDA /* PostsFrontPageModel.swift in Sources */,
				4ECCEEFE250CA30E0075F921 /* FrontPageHeaderCell.swift in Sources */,
				4ECCEF2F251253B00075F921 /* LemmySearchBarController.swift in Sources */,
				4E1070712534E970009EABDA /* CreatePostOrCommunityViewController.swift in Sources */,
				4ECCEF1D250D63BE0075F921 /* CommentRequests.swift in Sources */,
				4EB89B0A2521FA73007129BF /* LoginOrRegisterButton.swift in Sources */,
				4ECCEF0C250CCD3E0075F921 /* PostRequests.swift in Sources */,
				4E886C3B2538BE830076B162 /* LemmyTextWithSwitch.swift in Sources */,
				4E107053253476EE009EABDA /* PostsFrontPageViewController.swift in Sources */,
				4ECCEF0E250CDA5A0075F921 /* LemmyApiStructs+Post.swift in Sources */,
				4E10707E2534F5EC009EABDA /* LemmyCheckLogin.swift in Sources */,
				4ECCEEDD250B8D930075F921 /* AppCoordinator.swift in Sources */,
				4E10708E2534F7A7009EABDA /* LoginData.swift in Sources */,
				4E1070602534770B009EABDA /* CommentsFrontPageViewController.swift in Sources */,
				4ECCEEAA250B8B6B0075F921 /* AppDelegate.swift in Sources */,
				4ECCEEED250BE8870075F921 /* FrontPageViewController.swift in Sources */,
				4ECCEEEA250BA6230075F921 /* WSLemmy.swift in Sources */,
				4ECCEF25250FB3E50075F921 /* CommunitiesModel.swift in Sources */,
				4E886C26253744AB0076B162 /* LemmyApiStructs+Auth.swift in Sources */,
				4ECCEF16250D2D9F0075F921 /* Extensions.swift in Sources */,
				4ECCEF29250FB8260075F921 /* CommunityRequests.swift in Sources */,
				4EB89B3B25220DC6007129BF /* CommentListingSort.swift in Sources */,
				4ECCEF13250CF0290075F921 /* PostContentTableCell.swift in Sources */,
				4E107093253500DA009EABDA /* LemmyApiStructs+User.swift in Sources */,
				4ECCEF23250FB3DE0075F921 /* CommunitiesViewController.swift in Sources */,
				4ECCEEAC250B8B6B0075F921 /* SceneDelegate.swift in Sources */,
				4EB89B052521EAA6007129BF /* LemmyGreenOutlinePostDescription.swift in Sources */,
				4E886C302537598F0076B162 /* SiteRequests.swift in Sources */,
				4E1070792534E97E009EABDA /* CreatePostOrCommunityCoordinator.swift in Sources */,
				4E106F6525274325009EABDA /* PostScreenModel.swift in Sources */,
				4EB89AF8251F47A7007129BF /* PostScreenViewController.swift in Sources */,
				4E10704B2534756B009EABDA /* Protocols.swift in Sources */,
				4ECCEF03250CB4E00075F921 /* LemmyApiStructs.swift in Sources */,
				4ECCEF31251F24AD0075F921 /* LemmyFrontPageNavBar.swift in Sources */,
				4ECCEF33251F27170075F921 /* LemmyProfileIconView.swift in Sources */,
				4E10706B253477C1009EABDA /* LemmyUITableView.swift in Sources */,
				4E886C36253872D10076B162 /* SignUpModel.swift in Sources */,
				4E10709D25361846009EABDA /* SignInView.swift in Sources */,
				4E886C2B253758A30076B162 /* LemmyApiStructs+Site.swift in Sources */,
				4ECCEEF4250C04280075F921 /* LemmyTabBarController.swift in Sources */,
				4E1070652534771C009EABDA /* CommentsFrontPageModel.swift in Sources */,
				4E106F5D25273A0C009EABDA /* CommentTreeTableCell.swift in Sources */,
				4ECCEF2B250FF56A0075F921 /* CommunityPreviewTableCell.swift in Sources */,
				4E886C2125364EC30076B162 /* UserRequests.swift in Sources */,
				4EB89B00251F4882007129BF /* PostScreenUI.swift in Sources */,
				4ECCEF09250CC3A60075F921 /* RequestsManager.swift in Sources */,
				4ECCEF1F250DFBC90075F921 /* CommentContentTableCell.swift in Sources */,
				4E886C17253626950076B162 /* SignUpView.swift in Sources */,
				4ECCEF21250FB3D40075F921 /* CommunitiesCoordinator.swift in Sources */,
				4E886C422538C3540076B162 /* Config.swift in Sources */,
				4E1070982535DF4F009EABDA /* LemmyShareData.swift in Sources */,
				4ECCEEF2250C03A40075F921 /* LemmyTabBarCoordinator.swift in Sources */,
			);
			runOnlyForDeploymentPostprocessing = 0;
		};
		4ECCEEBB250B8B6F0075F921 /* Sources */ = {
			isa = PBXSourcesBuildPhase;
			buildActionMask = 2147483647;
			files = (
				4ECCEEC4250B8B6F0075F921 /* Lemmy_iOSTests.swift in Sources */,
			);
			runOnlyForDeploymentPostprocessing = 0;
		};
		4ECCEEC6250B8B6F0075F921 /* Sources */ = {
			isa = PBXSourcesBuildPhase;
			buildActionMask = 2147483647;
			files = (
				4ECCEECF250B8B6F0075F921 /* Lemmy_iOSUITests.swift in Sources */,
			);
			runOnlyForDeploymentPostprocessing = 0;
		};
/* End PBXSourcesBuildPhase section */

/* Begin PBXTargetDependency section */
		4ECCEEC1250B8B6F0075F921 /* PBXTargetDependency */ = {
			isa = PBXTargetDependency;
			target = 4ECCEEA5250B8B6B0075F921 /* Lemmy-iOS */;
			targetProxy = 4ECCEEC0250B8B6F0075F921 /* PBXContainerItemProxy */;
		};
		4ECCEECC250B8B6F0075F921 /* PBXTargetDependency */ = {
			isa = PBXTargetDependency;
			target = 4ECCEEA5250B8B6B0075F921 /* Lemmy-iOS */;
			targetProxy = 4ECCEECB250B8B6F0075F921 /* PBXContainerItemProxy */;
		};
/* End PBXTargetDependency section */

/* Begin PBXVariantGroup section */
		4ECCEEB7250B8B6E0075F921 /* LaunchScreen.storyboard */ = {
			isa = PBXVariantGroup;
			children = (
				4ECCEEB8250B8B6E0075F921 /* Base */,
			);
			name = LaunchScreen.storyboard;
			sourceTree = "<group>";
		};
/* End PBXVariantGroup section */

/* Begin XCBuildConfiguration section */
		4ECCEED1250B8B6F0075F921 /* Debug */ = {
			isa = XCBuildConfiguration;
			buildSettings = {
				ALWAYS_SEARCH_USER_PATHS = NO;
				CLANG_ANALYZER_NONNULL = YES;
				CLANG_ANALYZER_NUMBER_OBJECT_CONVERSION = YES_AGGRESSIVE;
				CLANG_CXX_LANGUAGE_STANDARD = "gnu++14";
				CLANG_CXX_LIBRARY = "libc++";
				CLANG_ENABLE_MODULES = YES;
				CLANG_ENABLE_OBJC_ARC = YES;
				CLANG_ENABLE_OBJC_WEAK = YES;
				CLANG_WARN_BLOCK_CAPTURE_AUTORELEASING = YES;
				CLANG_WARN_BOOL_CONVERSION = YES;
				CLANG_WARN_COMMA = YES;
				CLANG_WARN_CONSTANT_CONVERSION = YES;
				CLANG_WARN_DEPRECATED_OBJC_IMPLEMENTATIONS = YES;
				CLANG_WARN_DIRECT_OBJC_ISA_USAGE = YES_ERROR;
				CLANG_WARN_DOCUMENTATION_COMMENTS = YES;
				CLANG_WARN_EMPTY_BODY = YES;
				CLANG_WARN_ENUM_CONVERSION = YES;
				CLANG_WARN_INFINITE_RECURSION = YES;
				CLANG_WARN_INT_CONVERSION = YES;
				CLANG_WARN_NON_LITERAL_NULL_CONVERSION = YES;
				CLANG_WARN_OBJC_IMPLICIT_RETAIN_SELF = YES;
				CLANG_WARN_OBJC_LITERAL_CONVERSION = YES;
				CLANG_WARN_OBJC_ROOT_CLASS = YES_ERROR;
				CLANG_WARN_RANGE_LOOP_ANALYSIS = YES;
				CLANG_WARN_STRICT_PROTOTYPES = YES;
				CLANG_WARN_SUSPICIOUS_MOVE = YES;
				CLANG_WARN_UNGUARDED_AVAILABILITY = YES_AGGRESSIVE;
				CLANG_WARN_UNREACHABLE_CODE = YES;
				CLANG_WARN__DUPLICATE_METHOD_MATCH = YES;
				COPY_PHASE_STRIP = NO;
				DEBUG_INFORMATION_FORMAT = dwarf;
				ENABLE_STRICT_OBJC_MSGSEND = YES;
				ENABLE_TESTABILITY = YES;
				GCC_C_LANGUAGE_STANDARD = gnu11;
				GCC_DYNAMIC_NO_PIC = NO;
				GCC_NO_COMMON_BLOCKS = YES;
				GCC_OPTIMIZATION_LEVEL = 0;
				GCC_PREPROCESSOR_DEFINITIONS = (
					"DEBUG=1",
					"$(inherited)",
				);
				GCC_WARN_64_TO_32_BIT_CONVERSION = YES;
				GCC_WARN_ABOUT_RETURN_TYPE = YES_ERROR;
				GCC_WARN_UNDECLARED_SELECTOR = YES;
				GCC_WARN_UNINITIALIZED_AUTOS = YES_AGGRESSIVE;
				GCC_WARN_UNUSED_FUNCTION = YES;
				GCC_WARN_UNUSED_VARIABLE = YES;
				IPHONEOS_DEPLOYMENT_TARGET = 13.7;
				MTL_ENABLE_DEBUG_INFO = INCLUDE_SOURCE;
				MTL_FAST_MATH = YES;
				ONLY_ACTIVE_ARCH = YES;
				SDKROOT = iphoneos;
				SWIFT_ACTIVE_COMPILATION_CONDITIONS = DEBUG;
				SWIFT_OPTIMIZATION_LEVEL = "-Onone";
			};
			name = Debug;
		};
		4ECCEED2250B8B6F0075F921 /* Release */ = {
			isa = XCBuildConfiguration;
			buildSettings = {
				ALWAYS_SEARCH_USER_PATHS = NO;
				CLANG_ANALYZER_NONNULL = YES;
				CLANG_ANALYZER_NUMBER_OBJECT_CONVERSION = YES_AGGRESSIVE;
				CLANG_CXX_LANGUAGE_STANDARD = "gnu++14";
				CLANG_CXX_LIBRARY = "libc++";
				CLANG_ENABLE_MODULES = YES;
				CLANG_ENABLE_OBJC_ARC = YES;
				CLANG_ENABLE_OBJC_WEAK = YES;
				CLANG_WARN_BLOCK_CAPTURE_AUTORELEASING = YES;
				CLANG_WARN_BOOL_CONVERSION = YES;
				CLANG_WARN_COMMA = YES;
				CLANG_WARN_CONSTANT_CONVERSION = YES;
				CLANG_WARN_DEPRECATED_OBJC_IMPLEMENTATIONS = YES;
				CLANG_WARN_DIRECT_OBJC_ISA_USAGE = YES_ERROR;
				CLANG_WARN_DOCUMENTATION_COMMENTS = YES;
				CLANG_WARN_EMPTY_BODY = YES;
				CLANG_WARN_ENUM_CONVERSION = YES;
				CLANG_WARN_INFINITE_RECURSION = YES;
				CLANG_WARN_INT_CONVERSION = YES;
				CLANG_WARN_NON_LITERAL_NULL_CONVERSION = YES;
				CLANG_WARN_OBJC_IMPLICIT_RETAIN_SELF = YES;
				CLANG_WARN_OBJC_LITERAL_CONVERSION = YES;
				CLANG_WARN_OBJC_ROOT_CLASS = YES_ERROR;
				CLANG_WARN_RANGE_LOOP_ANALYSIS = YES;
				CLANG_WARN_STRICT_PROTOTYPES = YES;
				CLANG_WARN_SUSPICIOUS_MOVE = YES;
				CLANG_WARN_UNGUARDED_AVAILABILITY = YES_AGGRESSIVE;
				CLANG_WARN_UNREACHABLE_CODE = YES;
				CLANG_WARN__DUPLICATE_METHOD_MATCH = YES;
				COPY_PHASE_STRIP = NO;
				DEBUG_INFORMATION_FORMAT = "dwarf-with-dsym";
				ENABLE_NS_ASSERTIONS = NO;
				ENABLE_STRICT_OBJC_MSGSEND = YES;
				GCC_C_LANGUAGE_STANDARD = gnu11;
				GCC_NO_COMMON_BLOCKS = YES;
				GCC_WARN_64_TO_32_BIT_CONVERSION = YES;
				GCC_WARN_ABOUT_RETURN_TYPE = YES_ERROR;
				GCC_WARN_UNDECLARED_SELECTOR = YES;
				GCC_WARN_UNINITIALIZED_AUTOS = YES_AGGRESSIVE;
				GCC_WARN_UNUSED_FUNCTION = YES;
				GCC_WARN_UNUSED_VARIABLE = YES;
				IPHONEOS_DEPLOYMENT_TARGET = 13.7;
				MTL_ENABLE_DEBUG_INFO = NO;
				MTL_FAST_MATH = YES;
				SDKROOT = iphoneos;
				SWIFT_COMPILATION_MODE = wholemodule;
				SWIFT_OPTIMIZATION_LEVEL = "-O";
				VALIDATE_PRODUCT = YES;
			};
			name = Release;
		};
		4ECCEED4250B8B6F0075F921 /* Debug */ = {
			isa = XCBuildConfiguration;
			baseConfigurationReference = F8130B334E7F53B10E26E71F /* Pods-Lemmy-iOS.debug.xcconfig */;
			buildSettings = {
				ASSETCATALOG_COMPILER_APPICON_NAME = AppIcon;
				CODE_SIGN_STYLE = Automatic;
				DEVELOPMENT_TEAM = 75BBTA9VPU;
				INFOPLIST_FILE = "Lemmy-iOS/Info.plist";
				LD_RUNPATH_SEARCH_PATHS = (
					"$(inherited)",
					"@executable_path/Frameworks",
				);
				PRODUCT_BUNDLE_IDENTIFIER = "com.uuttff8.Lemmy-iOS";
				PRODUCT_NAME = "$(TARGET_NAME)";
				SWIFT_VERSION = 5.0;
				TARGETED_DEVICE_FAMILY = "1,2";
			};
			name = Debug;
		};
		4ECCEED5250B8B6F0075F921 /* Release */ = {
			isa = XCBuildConfiguration;
			baseConfigurationReference = AF9E5291792018DE1B6050FA /* Pods-Lemmy-iOS.release.xcconfig */;
			buildSettings = {
				ASSETCATALOG_COMPILER_APPICON_NAME = AppIcon;
				CODE_SIGN_STYLE = Automatic;
				DEVELOPMENT_TEAM = 75BBTA9VPU;
				INFOPLIST_FILE = "Lemmy-iOS/Info.plist";
				LD_RUNPATH_SEARCH_PATHS = (
					"$(inherited)",
					"@executable_path/Frameworks",
				);
				PRODUCT_BUNDLE_IDENTIFIER = "com.uuttff8.Lemmy-iOS";
				PRODUCT_NAME = "$(TARGET_NAME)";
				SWIFT_VERSION = 5.0;
				TARGETED_DEVICE_FAMILY = "1,2";
			};
			name = Release;
		};
		4ECCEED7250B8B6F0075F921 /* Debug */ = {
			isa = XCBuildConfiguration;
			buildSettings = {
				ALWAYS_EMBED_SWIFT_STANDARD_LIBRARIES = YES;
				BUNDLE_LOADER = "$(TEST_HOST)";
				CODE_SIGN_STYLE = Automatic;
				DEVELOPMENT_TEAM = 75BBTA9VPU;
				INFOPLIST_FILE = "Lemmy-iOSTests/Info.plist";
				IPHONEOS_DEPLOYMENT_TARGET = 13.7;
				LD_RUNPATH_SEARCH_PATHS = (
					"$(inherited)",
					"@executable_path/Frameworks",
					"@loader_path/Frameworks",
				);
				PRODUCT_BUNDLE_IDENTIFIER = "com.uuttff8.Lemmy-iOSTests";
				PRODUCT_NAME = "$(TARGET_NAME)";
				SWIFT_VERSION = 5.0;
				TARGETED_DEVICE_FAMILY = "1,2";
				TEST_HOST = "$(BUILT_PRODUCTS_DIR)/Lemmy-iOS.app/Lemmy-iOS";
			};
			name = Debug;
		};
		4ECCEED8250B8B6F0075F921 /* Release */ = {
			isa = XCBuildConfiguration;
			buildSettings = {
				ALWAYS_EMBED_SWIFT_STANDARD_LIBRARIES = YES;
				BUNDLE_LOADER = "$(TEST_HOST)";
				CODE_SIGN_STYLE = Automatic;
				DEVELOPMENT_TEAM = 75BBTA9VPU;
				INFOPLIST_FILE = "Lemmy-iOSTests/Info.plist";
				IPHONEOS_DEPLOYMENT_TARGET = 13.7;
				LD_RUNPATH_SEARCH_PATHS = (
					"$(inherited)",
					"@executable_path/Frameworks",
					"@loader_path/Frameworks",
				);
				PRODUCT_BUNDLE_IDENTIFIER = "com.uuttff8.Lemmy-iOSTests";
				PRODUCT_NAME = "$(TARGET_NAME)";
				SWIFT_VERSION = 5.0;
				TARGETED_DEVICE_FAMILY = "1,2";
				TEST_HOST = "$(BUILT_PRODUCTS_DIR)/Lemmy-iOS.app/Lemmy-iOS";
			};
			name = Release;
		};
		4ECCEEDA250B8B6F0075F921 /* Debug */ = {
			isa = XCBuildConfiguration;
			buildSettings = {
				ALWAYS_EMBED_SWIFT_STANDARD_LIBRARIES = YES;
				CODE_SIGN_STYLE = Automatic;
				DEVELOPMENT_TEAM = 75BBTA9VPU;
				INFOPLIST_FILE = "Lemmy-iOSUITests/Info.plist";
				LD_RUNPATH_SEARCH_PATHS = (
					"$(inherited)",
					"@executable_path/Frameworks",
					"@loader_path/Frameworks",
				);
				PRODUCT_BUNDLE_IDENTIFIER = "com.uuttff8.Lemmy-iOSUITests";
				PRODUCT_NAME = "$(TARGET_NAME)";
				SWIFT_VERSION = 5.0;
				TARGETED_DEVICE_FAMILY = "1,2";
				TEST_TARGET_NAME = "Lemmy-iOS";
			};
			name = Debug;
		};
		4ECCEEDB250B8B6F0075F921 /* Release */ = {
			isa = XCBuildConfiguration;
			buildSettings = {
				ALWAYS_EMBED_SWIFT_STANDARD_LIBRARIES = YES;
				CODE_SIGN_STYLE = Automatic;
				DEVELOPMENT_TEAM = 75BBTA9VPU;
				INFOPLIST_FILE = "Lemmy-iOSUITests/Info.plist";
				LD_RUNPATH_SEARCH_PATHS = (
					"$(inherited)",
					"@executable_path/Frameworks",
					"@loader_path/Frameworks",
				);
				PRODUCT_BUNDLE_IDENTIFIER = "com.uuttff8.Lemmy-iOSUITests";
				PRODUCT_NAME = "$(TARGET_NAME)";
				SWIFT_VERSION = 5.0;
				TARGETED_DEVICE_FAMILY = "1,2";
				TEST_TARGET_NAME = "Lemmy-iOS";
			};
			name = Release;
		};
/* End XCBuildConfiguration section */

/* Begin XCConfigurationList section */
		4ECCEEA1250B8B6B0075F921 /* Build configuration list for PBXProject "Lemmy-iOS" */ = {
			isa = XCConfigurationList;
			buildConfigurations = (
				4ECCEED1250B8B6F0075F921 /* Debug */,
				4ECCEED2250B8B6F0075F921 /* Release */,
			);
			defaultConfigurationIsVisible = 0;
			defaultConfigurationName = Release;
		};
		4ECCEED3250B8B6F0075F921 /* Build configuration list for PBXNativeTarget "Lemmy-iOS" */ = {
			isa = XCConfigurationList;
			buildConfigurations = (
				4ECCEED4250B8B6F0075F921 /* Debug */,
				4ECCEED5250B8B6F0075F921 /* Release */,
			);
			defaultConfigurationIsVisible = 0;
			defaultConfigurationName = Release;
		};
		4ECCEED6250B8B6F0075F921 /* Build configuration list for PBXNativeTarget "Lemmy-iOSTests" */ = {
			isa = XCConfigurationList;
			buildConfigurations = (
				4ECCEED7250B8B6F0075F921 /* Debug */,
				4ECCEED8250B8B6F0075F921 /* Release */,
			);
			defaultConfigurationIsVisible = 0;
			defaultConfigurationName = Release;
		};
		4ECCEED9250B8B6F0075F921 /* Build configuration list for PBXNativeTarget "Lemmy-iOSUITests" */ = {
			isa = XCConfigurationList;
			buildConfigurations = (
				4ECCEEDA250B8B6F0075F921 /* Debug */,
				4ECCEEDB250B8B6F0075F921 /* Release */,
			);
			defaultConfigurationIsVisible = 0;
			defaultConfigurationName = Release;
		};
/* End XCConfigurationList section */

/* Begin XCRemoteSwiftPackageReference section */
		4E1070822534F742009EABDA /* XCRemoteSwiftPackageReference "keychain-swift" */ = {
			isa = XCRemoteSwiftPackageReference;
			repositoryURL = "https://github.com/evgenyneu/keychain-swift.git";
			requirement = {
				kind = upToNextMajorVersion;
				minimumVersion = 19.0.0;
			};
		};
		4ECCEEF9250C13240075F921 /* XCRemoteSwiftPackageReference "SnapKit" */ = {
			isa = XCRemoteSwiftPackageReference;
			repositoryURL = "https://github.com/SnapKit/SnapKit";
			requirement = {
				kind = upToNextMajorVersion;
				minimumVersion = 5.0.1;
			};
		};
/* End XCRemoteSwiftPackageReference section */

/* Begin XCSwiftPackageProductDependency section */
		4E1070832534F742009EABDA /* KeychainSwift */ = {
			isa = XCSwiftPackageProductDependency;
			package = 4E1070822534F742009EABDA /* XCRemoteSwiftPackageReference "keychain-swift" */;
			productName = KeychainSwift;
		};
		4ECCEEFA250C13240075F921 /* SnapKit */ = {
			isa = XCSwiftPackageProductDependency;
			package = 4ECCEEF9250C13240075F921 /* XCRemoteSwiftPackageReference "SnapKit" */;
			productName = SnapKit;
		};
/* End XCSwiftPackageProductDependency section */

/* Begin XCVersionGroup section */
		4ECCEEB2250B8B6B0075F921 /* Lemmy_iOS.xcdatamodeld */ = {
			isa = XCVersionGroup;
			children = (
				4ECCEEB3250B8B6B0075F921 /* Lemmy_iOS.xcdatamodel */,
			);
			currentVersion = 4ECCEEB3250B8B6B0075F921 /* Lemmy_iOS.xcdatamodel */;
			path = Lemmy_iOS.xcdatamodeld;
			sourceTree = "<group>";
			versionGroupType = wrapper.xcdatamodel;
		};
/* End XCVersionGroup section */
	};
	rootObject = 4ECCEE9E250B8B6B0075F921 /* Project object */;
}
