{
  "pins" : [
    {
      "identity" : "iqkeyboardmanager",
      "kind" : "remoteSourceControl",
      "location" : "https://github.com/hackiftekhar/IQKeyboardManager.git",
      "state" : {
        "revision" : "474f849accae40fe61b5302d9b057dd48ee073ba",
        "version" : "6.5.9"
      }
    },
    {
      "identity" : "keychain-swift",
      "kind" : "remoteSourceControl",
      "location" : "https://github.com/evgenyneu/keychain-swift.git",
      "state" : {
        "revision" : "96fb84f45a96630e7583903bd7e08cf095c7a7ef",
        "version" : "19.0.0"
      }
    },
    {
      "identity" : "marky-mark",
      "kind" : "remoteSourceControl",
      "location" : "https://github.com/uuttff8/Marky-Mark.git",
      "state" : {
        "revision" : "303eeeaaa9a41f5aa40379e3e35462afaa6e9a42"
      }
    },
    {
      "identity" : "snapkit",
      "kind" : "remoteSourceControl",
      "location" : "https://github.com/SnapKit/SnapKit",
      "state" : {
        "revision" : "d458564516e5676af9c70b4f4b2a9178294f1bc6",
        "version" : "5.0.1"
      }
    },
    {
      "identity" : "swiftmessages",
      "kind" : "remoteSourceControl",
      "location" : "https://github.com/SwiftKickMobile/SwiftMessages.git",
      "state" : {
        "revision" : "b29dd21090b708aa0ae9ecbaf6e2d0487028dc3f",
        "version" : "9.0.6"
      }
    },
    {
      "identity" : "swipecellkit",
      "kind" : "remoteSourceControl",
      "location" : "https://github.com/SwipeCellKit/SwipeCellKit.git",
      "state" : {
        "revision" : "7219cad3098637176ace311510d11467dbfb9bb0",
        "version" : "2.7.1"
      }
    },
    {
      "identity" : "xcglogger",
      "kind" : "remoteSourceControl",
      "location" : "https://github.com/DaveWoodCom/XCGLogger.git",
      "state" : {
        "revision" : "a9c4667b247928a29bdd41be2ec2c8d304215a54",
        "version" : "7.0.1"
      }
    }
  ],
  "version" : 2
}
